// !$*UTF8*$!
{
	archiveVersion = 1;
	classes = {
	};
	objectVersion = 55;
	objects = {

/* Begin PBXBuildFile section */
		A0B30CA9DB0153A87B809FDF /* Pods_PromisesExample.framework in Frameworks */ = {isa = PBXBuildFile; fileRef = 32B81B768043A57C060F0E49 /* Pods_PromisesExample.framework */; };
		B88889C127D53F8500BB35AA /* AppDelegate.swift in Sources */ = {isa = PBXBuildFile; fileRef = B88889C027D53F8500BB35AA /* AppDelegate.swift */; };
		B88889C327D53F8500BB35AA /* SceneDelegate.swift in Sources */ = {isa = PBXBuildFile; fileRef = B88889C227D53F8500BB35AA /* SceneDelegate.swift */; };
		B88889C527D53F8500BB35AA /* ViewController.swift in Sources */ = {isa = PBXBuildFile; fileRef = B88889C427D53F8500BB35AA /* ViewController.swift */; };
		B88889C827D53F8500BB35AA /* Main.storyboard in Resources */ = {isa = PBXBuildFile; fileRef = B88889C627D53F8500BB35AA /* Main.storyboard */; };
		B88889CA27D53F8700BB35AA /* Assets.xcassets in Resources */ = {isa = PBXBuildFile; fileRef = B88889C927D53F8700BB35AA /* Assets.xcassets */; };
		B88889CD27D53F8700BB35AA /* LaunchScreen.storyboard in Resources */ = {isa = PBXBuildFile; fileRef = B88889CB27D53F8700BB35AA /* LaunchScreen.storyboard */; };
		B88889D527D5457800BB35AA /* QuoteShort.swift in Sources */ = {isa = PBXBuildFile; fileRef = B88889D427D5457800BB35AA /* QuoteShort.swift */; };
/* End PBXBuildFile section */

/* Begin PBXFileReference section */
		051349D6457AB0C011664035 /* Pods-PromisesExample.release.xcconfig */ = {isa = PBXFileReference; includeInIndex = 1; lastKnownFileType = text.xcconfig; name = "Pods-PromisesExample.release.xcconfig"; path = "Target Support Files/Pods-PromisesExample/Pods-PromisesExample.release.xcconfig"; sourceTree = "<group>"; };
		32A0D274C936813B69648668 /* Pods-PromisesExample.debug.xcconfig */ = {isa = PBXFileReference; includeInIndex = 1; lastKnownFileType = text.xcconfig; name = "Pods-PromisesExample.debug.xcconfig"; path = "Target Support Files/Pods-PromisesExample/Pods-PromisesExample.debug.xcconfig"; sourceTree = "<group>"; };
		32B81B768043A57C060F0E49 /* Pods_PromisesExample.framework */ = {isa = PBXFileReference; explicitFileType = wrapper.framework; includeInIndex = 0; path = Pods_PromisesExample.framework; sourceTree = BUILT_PRODUCTS_DIR; };
		B88889BD27D53F8500BB35AA /* PromisesExample.app */ = {isa = PBXFileReference; explicitFileType = wrapper.application; includeInIndex = 0; path = PromisesExample.app; sourceTree = BUILT_PRODUCTS_DIR; };
		B88889C027D53F8500BB35AA /* AppDelegate.swift */ = {isa = PBXFileReference; lastKnownFileType = sourcecode.swift; path = AppDelegate.swift; sourceTree = "<group>"; };
		B88889C227D53F8500BB35AA /* SceneDelegate.swift */ = {isa = PBXFileReference; lastKnownFileType = sourcecode.swift; path = SceneDelegate.swift; sourceTree = "<group>"; };
		B88889C427D53F8500BB35AA /* ViewController.swift */ = {isa = PBXFileReference; lastKnownFileType = sourcecode.swift; path = ViewController.swift; sourceTree = "<group>"; };
		B88889C727D53F8500BB35AA /* Base */ = {isa = PBXFileReference; lastKnownFileType = file.storyboard; name = Base; path = Base.lproj/Main.storyboard; sourceTree = "<group>"; };
		B88889C927D53F8700BB35AA /* Assets.xcassets */ = {isa = PBXFileReference; lastKnownFileType = folder.assetcatalog; path = Assets.xcassets; sourceTree = "<group>"; };
		B88889CC27D53F8700BB35AA /* Base */ = {isa = PBXFileReference; lastKnownFileType = file.storyboard; name = Base; path = Base.lproj/LaunchScreen.storyboard; sourceTree = "<group>"; };
		B88889CE27D53F8700BB35AA /* Info.plist */ = {isa = PBXFileReference; lastKnownFileType = text.plist.xml; path = Info.plist; sourceTree = "<group>"; };
		B88889D427D5457800BB35AA /* QuoteShort.swift */ = {isa = PBXFileReference; lastKnownFileType = sourcecode.swift; path = QuoteShort.swift; sourceTree = "<group>"; };
/* End PBXFileReference section */

/* Begin PBXFrameworksBuildPhase section */
		B88889BA27D53F8500BB35AA /* Frameworks */ = {
			isa = PBXFrameworksBuildPhase;
			buildActionMask = 2147483647;
			files = (
				A0B30CA9DB0153A87B809FDF /* Pods_PromisesExample.framework in Frameworks */,
			);
			runOnlyForDeploymentPostprocessing = 0;
		};
/* End PBXFrameworksBuildPhase section */

/* Begin PBXGroup section */
		4DC636BA7BCF7016777B9ECB /* Pods */ = {
			isa = PBXGroup;
			children = (
				32A0D274C936813B69648668 /* Pods-PromisesExample.debug.xcconfig */,
				051349D6457AB0C011664035 /* Pods-PromisesExample.release.xcconfig */,
			);
			path = Pods;
			sourceTree = "<group>";
		};
		A02FF732EFF3E190FBEAE421 /* Frameworks */ = {
			isa = PBXGroup;
			children = (
				32B81B768043A57C060F0E49 /* Pods_PromisesExample.framework */,
			);
			name = Frameworks;
			sourceTree = "<group>";
		};
		B88889B427D53F8500BB35AA = {
			isa = PBXGroup;
			children = (
				B88889BF27D53F8500BB35AA /* PromisesExample */,
				B88889BE27D53F8500BB35AA /* Products */,
				4DC636BA7BCF7016777B9ECB /* Pods */,
				A02FF732EFF3E190FBEAE421 /* Frameworks */,
			);
			sourceTree = "<group>";
		};
		B88889BE27D53F8500BB35AA /* Products */ = {
			isa = PBXGroup;
			children = (
				B88889BD27D53F8500BB35AA /* PromisesExample.app */,
			);
			name = Products;
			sourceTree = "<group>";
		};
		B88889BF27D53F8500BB35AA /* PromisesExample */ = {
			isa = PBXGroup;
			children = (
				B88889C027D53F8500BB35AA /* AppDelegate.swift */,
				B88889C227D53F8500BB35AA /* SceneDelegate.swift */,
				B88889C427D53F8500BB35AA /* ViewController.swift */,
				B88889C627D53F8500BB35AA /* Main.storyboard */,
				B88889C927D53F8700BB35AA /* Assets.xcassets */,
				B88889CB27D53F8700BB35AA /* LaunchScreen.storyboard */,
				B88889CE27D53F8700BB35AA /* Info.plist */,
				B88889D427D5457800BB35AA /* QuoteShort.swift */,
			);
			path = PromisesExample;
			sourceTree = "<group>";
		};
/* End PBXGroup section */

/* Begin PBXNativeTarget section */
		B88889BC27D53F8500BB35AA /* PromisesExample */ = {
			isa = PBXNativeTarget;
			buildConfigurationList = B88889D127D53F8700BB35AA /* Build configuration list for PBXNativeTarget "PromisesExample" */;
			buildPhases = (
				CC513C02596183DCAE9D479E /* [CP] Check Pods Manifest.lock */,
				B88889B927D53F8500BB35AA /* Sources */,
				B88889BA27D53F8500BB35AA /* Frameworks */,
				B88889BB27D53F8500BB35AA /* Resources */,
				5E529988A0F3438D04C4018A /* [CP] Embed Pods Frameworks */,
			);
			buildRules = (
			);
			dependencies = (
			);
			name = PromisesExample;
			productName = PromisesExample;
			productReference = B88889BD27D53F8500BB35AA /* PromisesExample.app */;
			productType = "com.apple.product-type.application";
		};
/* End PBXNativeTarget section */

/* Begin PBXProject section */
		B88889B527D53F8500BB35AA /* Project object */ = {
			isa = PBXProject;
			attributes = {
				BuildIndependentTargetsInParallel = 1;
				LastSwiftUpdateCheck = 1320;
				LastUpgradeCheck = 1320;
				TargetAttributes = {
					B88889BC27D53F8500BB35AA = {
						CreatedOnToolsVersion = 13.2.1;
					};
				};
			};
			buildConfigurationList = B88889B827D53F8500BB35AA /* Build configuration list for PBXProject "PromisesExample" */;
			compatibilityVersion = "Xcode 13.0";
			developmentRegion = en;
			hasScannedForEncodings = 0;
			knownRegions = (
				en,
				Base,
			);
			mainGroup = B88889B427D53F8500BB35AA;
			productRefGroup = B88889BE27D53F8500BB35AA /* Products */;
			projectDirPath = "";
			projectRoot = "";
			targets = (
				B88889BC27D53F8500BB35AA /* PromisesExample */,
			);
		};
/* End PBXProject section */

/* Begin PBXResourcesBuildPhase section */
		B88889BB27D53F8500BB35AA /* Resources */ = {
			isa = PBXResourcesBuildPhase;
			buildActionMask = 2147483647;
			files = (
				B88889CD27D53F8700BB35AA /* LaunchScreen.storyboard in Resources */,
				B88889CA27D53F8700BB35AA /* Assets.xcassets in Resources */,
				B88889C827D53F8500BB35AA /* Main.storyboard in Resources */,
			);
			runOnlyForDeploymentPostprocessing = 0;
		};
/* End PBXResourcesBuildPhase section */

/* Begin PBXShellScriptBuildPhase section */
		5E529988A0F3438D04C4018A /* [CP] Embed Pods Frameworks */ = {
			isa = PBXShellScriptBuildPhase;
			buildActionMask = 2147483647;
			files = (
			);
			inputFileListPaths = (
				"${PODS_ROOT}/Target Support Files/Pods-PromisesExample/Pods-PromisesExample-frameworks-${CONFIGURATION}-input-files.xcfilelist",
			);
			name = "[CP] Embed Pods Frameworks";
			outputFileListPaths = (
				"${PODS_ROOT}/Target Support Files/Pods-PromisesExample/Pods-PromisesExample-frameworks-${CONFIGURATION}-output-files.xcfilelist",
			);
			runOnlyForDeploymentPostprocessing = 0;
			shellPath = /bin/sh;
			shellScript = "\"${PODS_ROOT}/Target Support Files/Pods-PromisesExample/Pods-PromisesExample-frameworks.sh\"\n";
			showEnvVarsInLog = 0;
		};
		CC513C02596183DCAE9D479E /* [CP] Check Pods Manifest.lock */ = {
			isa = PBXShellScriptBuildPhase;
			buildActionMask = 2147483647;
			files = (
			);
			inputFileListPaths = (
			);
			inputPaths = (
				"${PODS_PODFILE_DIR_PATH}/Podfile.lock",
				"${PODS_ROOT}/Manifest.lock",
			);
			name = "[CP] Check Pods Manifest.lock";
			outputFileListPaths = (
			);
			outputPaths = (
				"$(DERIVED_FILE_DIR)/Pods-PromisesExample-checkManifestLockResult.txt",
			);
			runOnlyForDeploymentPostprocessing = 0;
			shellPath = /bin/sh;
			shellScript = "diff \"${PODS_PODFILE_DIR_PATH}/Podfile.lock\" \"${PODS_ROOT}/Manifest.lock\" > /dev/null\nif [ $? != 0 ] ; then\n    # print error to STDERR\n    echo \"error: The sandbox is not in sync with the Podfile.lock. Run 'pod install' or update your CocoaPods installation.\" >&2\n    exit 1\nfi\n# This output is used by Xcode 'outputs' to avoid re-running this script phase.\necho \"SUCCESS\" > \"${SCRIPT_OUTPUT_FILE_0}\"\n";
			showEnvVarsInLog = 0;
		};
/* End PBXShellScriptBuildPhase section */

/* Begin PBXSourcesBuildPhase section */
		B88889B927D53F8500BB35AA /* Sources */ = {
			isa = PBXSourcesBuildPhase;
			buildActionMask = 2147483647;
			files = (
				B88889C527D53F8500BB35AA /* ViewController.swift in Sources */,
				B88889D527D5457800BB35AA /* QuoteShort.swift in Sources */,
				B88889C127D53F8500BB35AA /* AppDelegate.swift in Sources */,
				B88889C327D53F8500BB35AA /* SceneDelegate.swift in Sources */,
			);
			runOnlyForDeploymentPostprocessing = 0;
		};
/* End PBXSourcesBuildPhase section */

/* Begin PBXVariantGroup section */
		B88889C627D53F8500BB35AA /* Main.storyboard */ = {
			isa = PBXVariantGroup;
			children = (
				B88889C727D53F8500BB35AA /* Base */,
			);
			name = Main.storyboard;
			sourceTree = "<group>";
		};
		B88889CB27D53F8700BB35AA /* LaunchScreen.storyboard */ = {
			isa = PBXVariantGroup;
			children = (
				B88889CC27D53F8700BB35AA /* Base */,
			);
			name = LaunchScreen.storyboard;
			sourceTree = "<group>";
		};
/* End PBXVariantGroup section */

/* Begin XCBuildConfiguration section */
		B88889CF27D53F8700BB35AA /* Debug */ = {
			isa = XCBuildConfiguration;
			buildSettings = {
				ALWAYS_SEARCH_USER_PATHS = NO;
				CLANG_ANALYZER_NONNULL = YES;
				CLANG_ANALYZER_NUMBER_OBJECT_CONVERSION = YES_AGGRESSIVE;
				CLANG_CXX_LANGUAGE_STANDARD = "gnu++17";
				CLANG_CXX_LIBRARY = "libc++";
				CLANG_ENABLE_MODULES = YES;
				CLANG_ENABLE_OBJC_ARC = YES;
				CLANG_ENABLE_OBJC_WEAK = YES;
				CLANG_WARN_BLOCK_CAPTURE_AUTORELEASING = YES;
				CLANG_WARN_BOOL_CONVERSION = YES;
				CLANG_WARN_COMMA = YES;
				CLANG_WARN_CONSTANT_CONVERSION = YES;
				CLANG_WARN_DEPRECATED_OBJC_IMPLEMENTATIONS = YES;
				CLANG_WARN_DIRECT_OBJC_ISA_USAGE = YES_ERROR;
				CLANG_WARN_DOCUMENTATION_COMMENTS = YES;
				CLANG_WARN_EMPTY_BODY = YES;
				CLANG_WARN_ENUM_CONVERSION = YES;
				CLANG_WARN_INFINITE_RECURSION = YES;
				CLANG_WARN_INT_CONVERSION = YES;
				CLANG_WARN_NON_LITERAL_NULL_CONVERSION = YES;
				CLANG_WARN_OBJC_IMPLICIT_RETAIN_SELF = YES;
				CLANG_WARN_OBJC_LITERAL_CONVERSION = YES;
				CLANG_WARN_OBJC_ROOT_CLASS = YES_ERROR;
				CLANG_WARN_QUOTED_INCLUDE_IN_FRAMEWORK_HEADER = YES;
				CLANG_WARN_RANGE_LOOP_ANALYSIS = YES;
				CLANG_WARN_STRICT_PROTOTYPES = YES;
				CLANG_WARN_SUSPICIOUS_MOVE = YES;
				CLANG_WARN_UNGUARDED_AVAILABILITY = YES_AGGRESSIVE;
				CLANG_WARN_UNREACHABLE_CODE = YES;
				CLANG_WARN__DUPLICATE_METHOD_MATCH = YES;
				COPY_PHASE_STRIP = NO;
				DEBUG_INFORMATION_FORMAT = dwarf;
				ENABLE_STRICT_OBJC_MSGSEND = YES;
				ENABLE_TESTABILITY = YES;
				GCC_C_LANGUAGE_STANDARD = gnu11;
				GCC_DYNAMIC_NO_PIC = NO;
				GCC_NO_COMMON_BLOCKS = YES;
				GCC_OPTIMIZATION_LEVEL = 0;
				GCC_PREPROCESSOR_DEFINITIONS = (
					"DEBUG=1",
					"$(inherited)",
				);
				GCC_WARN_64_TO_32_BIT_CONVERSION = YES;
				GCC_WARN_ABOUT_RETURN_TYPE = YES_ERROR;
				GCC_WARN_UNDECLARED_SELECTOR = YES;
				GCC_WARN_UNINITIALIZED_AUTOS = YES_AGGRESSIVE;
				GCC_WARN_UNUSED_FUNCTION = YES;
				GCC_WARN_UNUSED_VARIABLE = YES;
				IPHONEOS_DEPLOYMENT_TARGET = 15.2;
				MTL_ENABLE_DEBUG_INFO = INCLUDE_SOURCE;
				MTL_FAST_MATH = YES;
				ONLY_ACTIVE_ARCH = YES;
				SDKROOT = iphoneos;
				SWIFT_ACTIVE_COMPILATION_CONDITIONS = DEBUG;
				SWIFT_OPTIMIZATION_LEVEL = "-Onone";
			};
			name = Debug;
		};
		B88889D027D53F8700BB35AA /* Release */ = {
			isa = XCBuildConfiguration;
			buildSettings = {
				ALWAYS_SEARCH_USER_PATHS = NO;
				CLANG_ANALYZER_NONNULL = YES;
				CLANG_ANALYZER_NUMBER_OBJECT_CONVERSION = YES_AGGRESSIVE;
				CLANG_CXX_LANGUAGE_STANDARD = "gnu++17";
				CLANG_CXX_LIBRARY = "libc++";
				CLANG_ENABLE_MODULES = YES;
				CLANG_ENABLE_OBJC_ARC = YES;
				CLANG_ENABLE_OBJC_WEAK = YES;
				CLANG_WARN_BLOCK_CAPTURE_AUTORELEASING = YES;
				CLANG_WARN_BOOL_CONVERSION = YES;
				CLANG_WARN_COMMA = YES;
				CLANG_WARN_CONSTANT_CONVERSION = YES;
				CLANG_WARN_DEPRECATED_OBJC_IMPLEMENTATIONS = YES;
				CLANG_WARN_DIRECT_OBJC_ISA_USAGE = YES_ERROR;
				CLANG_WARN_DOCUMENTATION_COMMENTS = YES;
				CLANG_WARN_EMPTY_BODY = YES;
				CLANG_WARN_ENUM_CONVERSION = YES;
				CLANG_WARN_INFINITE_RECURSION = YES;
				CLANG_WARN_INT_CONVERSION = YES;
				CLANG_WARN_NON_LITERAL_NULL_CONVERSION = YES;
				CLANG_WARN_OBJC_IMPLICIT_RETAIN_SELF = YES;
				CLANG_WARN_OBJC_LITERAL_CONVERSION = YES;
				CLANG_WARN_OBJC_ROOT_CLASS = YES_ERROR;
				CLANG_WARN_QUOTED_INCLUDE_IN_FRAMEWORK_HEADER = YES;
				CLANG_WARN_RANGE_LOOP_ANALYSIS = YES;
				CLANG_WARN_STRICT_PROTOTYPES = YES;
				CLANG_WARN_SUSPICIOUS_MOVE = YES;
				CLANG_WARN_UNGUARDED_AVAILABILITY = YES_AGGRESSIVE;
				CLANG_WARN_UNREACHABLE_CODE = YES;
				CLANG_WARN__DUPLICATE_METHOD_MATCH = YES;
				COPY_PHASE_STRIP = NO;
				DEBUG_INFORMATION_FORMAT = "dwarf-with-dsym";
				ENABLE_NS_ASSERTIONS = NO;
				ENABLE_STRICT_OBJC_MSGSEND = YES;
				GCC_C_LANGUAGE_STANDARD = gnu11;
				GCC_NO_COMMON_BLOCKS = YES;
				GCC_WARN_64_TO_32_BIT_CONVERSION = YES;
				GCC_WARN_ABOUT_RETURN_TYPE = YES_ERROR;
				GCC_WARN_UNDECLARED_SELECTOR = YES;
				GCC_WARN_UNINITIALIZED_AUTOS = YES_AGGRESSIVE;
				GCC_WARN_UNUSED_FUNCTION = YES;
				GCC_WARN_UNUSED_VARIABLE = YES;
				IPHONEOS_DEPLOYMENT_TARGET = 15.2;
				MTL_ENABLE_DEBUG_INFO = NO;
				MTL_FAST_MATH = YES;
				SDKROOT = iphoneos;
				SWIFT_COMPILATION_MODE = wholemodule;
				SWIFT_OPTIMIZATION_LEVEL = "-O";
				VALIDATE_PRODUCT = YES;
			};
			name = Release;
		};
		B88889D227D53F8700BB35AA /* Debug */ = {
			isa = XCBuildConfiguration;
			baseConfigurationReference = 32A0D274C936813B69648668 /* Pods-PromisesExample.debug.xcconfig */;
			buildSettings = {
				ASSETCATALOG_COMPILER_APPICON_NAME = AppIcon;
				ASSETCATALOG_COMPILER_GLOBAL_ACCENT_COLOR_NAME = AccentColor;
				CODE_SIGN_STYLE = Automatic;
				CURRENT_PROJECT_VERSION = 1;
				DEVELOPMENT_TEAM = 4HP3AZLP4Z;
				GENERATE_INFOPLIST_FILE = YES;
				INFOPLIST_FILE = PromisesExample/Info.plist;
				INFOPLIST_KEY_UIApplicationSupportsIndirectInputEvents = YES;
				INFOPLIST_KEY_UILaunchStoryboardName = LaunchScreen;
				INFOPLIST_KEY_UIMainStoryboardFile = Main;
				INFOPLIST_KEY_UISupportedInterfaceOrientations_iPad = "UIInterfaceOrientationPortrait UIInterfaceOrientationPortraitUpsideDown UIInterfaceOrientationLandscapeLeft UIInterfaceOrientationLandscapeRight";
				INFOPLIST_KEY_UISupportedInterfaceOrientations_iPhone = "UIInterfaceOrientationPortrait UIInterfaceOrientationLandscapeLeft UIInterfaceOrientationLandscapeRight";
				LD_RUNPATH_SEARCH_PATHS = (
					"$(inherited)",
					"@executable_path/Frameworks",
				);
				MARKETING_VERSION = 1.0;
				PRODUCT_BUNDLE_IDENTIFIER = edu.northeastern.PromisesExample;
				PRODUCT_NAME = "$(TARGET_NAME)";
				SWIFT_EMIT_LOC_STRINGS = YES;
				SWIFT_VERSION = 5.0;
				TARGETED_DEVICE_FAMILY = "1,2";
			};
			name = Debug;
		};
		B88889D327D53F8700BB35AA /* Release */ = {
			isa = XCBuildConfiguration;
			baseConfigurationReference = 051349D6457AB0C011664035 /* Pods-PromisesExample.release.xcconfig */;
			buildSettings = {
				ASSETCATALOG_COMPILER_APPICON_NAME = AppIcon;
				ASSETCATALOG_COMPILER_GLOBAL_ACCENT_COLOR_NAME = AccentColor;
				CODE_SIGN_STYLE = Automatic;
				CURRENT_PROJECT_VERSION = 1;
				DEVELOPMENT_TEAM = 4HP3AZLP4Z;
				GENERATE_INFOPLIST_FILE = YES;
				INFOPLIST_FILE = PromisesExample/Info.plist;
				INFOPLIST_KEY_UIApplicationSupportsIndirectInputEvents = YES;
				INFOPLIST_KEY_UILaunchStoryboardName = LaunchScreen;
				INFOPLIST_KEY_UIMainStoryboardFile = Main;
				INFOPLIST_KEY_UISupportedInterfaceOrientations_iPad = "UIInterfaceOrientationPortrait UIInterfaceOrientationPortraitUpsideDown UIInterfaceOrientationLandscapeLeft UIInterfaceOrientationLandscapeRight";
				INFOPLIST_KEY_UISupportedInterfaceOrientations_iPhone = "UIInterfaceOrientationPortrait UIInterfaceOrientationLandscapeLeft UIInterfaceOrientationLandscapeRight";
				LD_RUNPATH_SEARCH_PATHS = (
					"$(inherited)",
					"@executable_path/Frameworks",
				);
				MARKETING_VERSION = 1.0;
				PRODUCT_BUNDLE_IDENTIFIER = edu.northeastern.PromisesExample;
				PRODUCT_NAME = "$(TARGET_NAME)";
				SWIFT_EMIT_LOC_STRINGS = YES;
				SWIFT_VERSION = 5.0;
				TARGETED_DEVICE_FAMILY = "1,2";
			};
			name = Release;
		};
/* End XCBuildConfiguration section */

/* Begin XCConfigurationList section */
		B88889B827D53F8500BB35AA /* Build configuration list for PBXProject "PromisesExample" */ = {
			isa = XCConfigurationList;
			buildConfigurations = (
				B88889CF27D53F8700BB35AA /* Debug */,
				B88889D027D53F8700BB35AA /* Release */,
			);
			defaultConfigurationIsVisible = 0;
			defaultConfigurationName = Release;
		};
		B88889D127D53F8700BB35AA /* Build configuration list for PBXNativeTarget "PromisesExample" */ = {
			isa = XCConfigurationList;
			buildConfigurations = (
				B88889D227D53F8700BB35AA /* Debug */,
				B88889D327D53F8700BB35AA /* Release */,
			);
			defaultConfigurationIsVisible = 0;
			defaultConfigurationName = Release;
		};
/* End XCConfigurationList section */
	};
	rootObject = B88889B527D53F8500BB35AA /* Project object */;
}
