// !$*UTF8*$!
{
	archiveVersion = 1;
	classes = {
	};
	objectVersion = 55;
	objects = {

/* Begin PBXBuildFile section */
		B8EEC8AB2828361D00DDCCF4 /* AppDelegate.swift in Sources */ = {isa = PBXBuildFile; fileRef = B8EEC8AA2828361D00DDCCF4 /* AppDelegate.swift */; };
		B8EEC8AD2828361D00DDCCF4 /* SceneDelegate.swift in Sources */ = {isa = PBXBuildFile; fileRef = B8EEC8AC2828361D00DDCCF4 /* SceneDelegate.swift */; };
		B8EEC8AF2828361D00DDCCF4 /* ViewController.swift in Sources */ = {isa = PBXBuildFile; fileRef = B8EEC8AE2828361D00DDCCF4 /* ViewController.swift */; };
		B8EEC8B22828361D00DDCCF4 /* Main.storyboard in Resources */ = {isa = PBXBuildFile; fileRef = B8EEC8B02828361D00DDCCF4 /* Main.storyboard */; };
		B8EEC8B42828362100DDCCF4 /* Assets.xcassets in Resources */ = {isa = PBXBuildFile; fileRef = B8EEC8B32828362100DDCCF4 /* Assets.xcassets */; };
		B8EEC8B72828362100DDCCF4 /* LaunchScreen.storyboard in Resources */ = {isa = PBXBuildFile; fileRef = B8EEC8B52828362100DDCCF4 /* LaunchScreen.storyboard */; };
		B8EEC8BF2828375D00DDCCF4 /* VideoCapture.swift in Sources */ = {isa = PBXBuildFile; fileRef = B8EEC8BE2828375D00DDCCF4 /* VideoCapture.swift */; };
		B8EEC8C328286A7200DDCCF4 /* Predictor.swift in Sources */ = {isa = PBXBuildFile; fileRef = B8EEC8C228286A7200DDCCF4 /* Predictor.swift */; };
		B8EEC8CB2829DD7300DDCCF4 /* ActCat_AGJ 1.mlmodel in Sources */ = {isa = PBXBuildFile; fileRef = B8EEC8CA2829DD7200DDCCF4 /* ActCat_AGJ 1.mlmodel */; };
/* End PBXBuildFile section */

/* Begin PBXFileReference section */
		B8EEC8A72828361D00DDCCF4 /* MyActionIdentifier.app */ = {isa = PBXFileReference; explicitFileType = wrapper.application; includeInIndex = 0; path = MyActionIdentifier.app; sourceTree = BUILT_PRODUCTS_DIR; };
		B8EEC8AA2828361D00DDCCF4 /* AppDelegate.swift */ = {isa = PBXFileReference; lastKnownFileType = sourcecode.swift; path = AppDelegate.swift; sourceTree = "<group>"; };
		B8EEC8AC2828361D00DDCCF4 /* SceneDelegate.swift */ = {isa = PBXFileReference; lastKnownFileType = sourcecode.swift; path = SceneDelegate.swift; sourceTree = "<group>"; };
		B8EEC8AE2828361D00DDCCF4 /* ViewController.swift */ = {isa = PBXFileReference; lastKnownFileType = sourcecode.swift; path = ViewController.swift; sourceTree = "<group>"; };
		B8EEC8B12828361D00DDCCF4 /* Base */ = {isa = PBXFileReference; lastKnownFileType = file.storyboard; name = Base; path = Base.lproj/Main.storyboard; sourceTree = "<group>"; };
		B8EEC8B32828362100DDCCF4 /* Assets.xcassets */ = {isa = PBXFileReference; lastKnownFileType = folder.assetcatalog; path = Assets.xcassets; sourceTree = "<group>"; };
		B8EEC8B62828362100DDCCF4 /* Base */ = {isa = PBXFileReference; lastKnownFileType = file.storyboard; name = Base; path = Base.lproj/LaunchScreen.storyboard; sourceTree = "<group>"; };
		B8EEC8B82828362100DDCCF4 /* Info.plist */ = {isa = PBXFileReference; lastKnownFileType = text.plist.xml; path = Info.plist; sourceTree = "<group>"; };
		B8EEC8BE2828375D00DDCCF4 /* VideoCapture.swift */ = {isa = PBXFileReference; lastKnownFileType = sourcecode.swift; path = VideoCapture.swift; sourceTree = "<group>"; };
		B8EEC8C228286A7200DDCCF4 /* Predictor.swift */ = {isa = PBXFileReference; lastKnownFileType = sourcecode.swift; path = Predictor.swift; sourceTree = "<group>"; };
		B8EEC8CA2829DD7200DDCCF4 /* ActCat_AGJ 1.mlmodel */ = {isa = PBXFileReference; lastKnownFileType = file.mlmodel; path = "ActCat_AGJ 1.mlmodel"; sourceTree = "<group>"; };
/* End PBXFileReference section */

/* Begin PBXFrameworksBuildPhase section */
		B8EEC8A42828361D00DDCCF4 /* Frameworks */ = {
			isa = PBXFrameworksBuildPhase;
			buildActionMask = 2147483647;
			files = (
			);
			runOnlyForDeploymentPostprocessing = 0;
		};
/* End PBXFrameworksBuildPhase section */

/* Begin PBXGroup section */
		B8EEC89E2828361D00DDCCF4 = {
			isa = PBXGroup;
			children = (
				B8EEC8A92828361D00DDCCF4 /* MyActionIdentifier */,
				B8EEC8A82828361D00DDCCF4 /* Products */,
			);
			sourceTree = "<group>";
		};
		B8EEC8A82828361D00DDCCF4 /* Products */ = {
			isa = PBXGroup;
			children = (
				B8EEC8A72828361D00DDCCF4 /* MyActionIdentifier.app */,
			);
			name = Products;
			sourceTree = "<group>";
		};
		B8EEC8A92828361D00DDCCF4 /* MyActionIdentifier */ = {
			isa = PBXGroup;
			children = (
				B8EEC8CA2829DD7200DDCCF4 /* ActCat_AGJ 1.mlmodel */,
				B8EEC8AA2828361D00DDCCF4 /* AppDelegate.swift */,
				B8EEC8AC2828361D00DDCCF4 /* SceneDelegate.swift */,
				B8EEC8AE2828361D00DDCCF4 /* ViewController.swift */,
				B8EEC8B02828361D00DDCCF4 /* Main.storyboard */,
				B8EEC8B32828362100DDCCF4 /* Assets.xcassets */,
				B8EEC8B52828362100DDCCF4 /* LaunchScreen.storyboard */,
				B8EEC8B82828362100DDCCF4 /* Info.plist */,
				B8EEC8BE2828375D00DDCCF4 /* VideoCapture.swift */,
				B8EEC8C228286A7200DDCCF4 /* Predictor.swift */,
			);
			path = MyActionIdentifier;
			sourceTree = "<group>";
		};
/* End PBXGroup section */

/* Begin PBXNativeTarget section */
		B8EEC8A62828361D00DDCCF4 /* MyActionIdentifier */ = {
			isa = PBXNativeTarget;
			buildConfigurationList = B8EEC8BB2828362100DDCCF4 /* Build configuration list for PBXNativeTarget "MyActionIdentifier" */;
			buildPhases = (
				B8EEC8A32828361D00DDCCF4 /* Sources */,
				B8EEC8A42828361D00DDCCF4 /* Frameworks */,
				B8EEC8A52828361D00DDCCF4 /* Resources */,
			);
			buildRules = (
			);
			dependencies = (
			);
			name = MyActionIdentifier;
			productName = MyActionIdentifier;
			productReference = B8EEC8A72828361D00DDCCF4 /* MyActionIdentifier.app */;
			productType = "com.apple.product-type.application";
		};
/* End PBXNativeTarget section */

/* Begin PBXProject section */
		B8EEC89F2828361D00DDCCF4 /* Project object */ = {
			isa = PBXProject;
			attributes = {
				BuildIndependentTargetsInParallel = 1;
				LastSwiftUpdateCheck = 1330;
				LastUpgradeCheck = 1330;
				TargetAttributes = {
					B8EEC8A62828361D00DDCCF4 = {
						CreatedOnToolsVersion = 13.3.1;
					};
				};
			};
			buildConfigurationList = B8EEC8A22828361D00DDCCF4 /* Build configuration list for PBXProject "MyActionIdentifier" */;
			compatibilityVersion = "Xcode 13.0";
			developmentRegion = en;
			hasScannedForEncodings = 0;
			knownRegions = (
				en,
				Base,
			);
			mainGroup = B8EEC89E2828361D00DDCCF4;
			productRefGroup = B8EEC8A82828361D00DDCCF4 /* Products */;
			projectDirPath = "";
			projectRoot = "";
			targets = (
				B8EEC8A62828361D00DDCCF4 /* MyActionIdentifier */,
			);
		};
/* End PBXProject section */

/* Begin PBXResourcesBuildPhase section */
		B8EEC8A52828361D00DDCCF4 /* Resources */ = {
			isa = PBXResourcesBuildPhase;
			buildActionMask = 2147483647;
			files = (
				B8EEC8B72828362100DDCCF4 /* LaunchScreen.storyboard in Resources */,
				B8EEC8B42828362100DDCCF4 /* Assets.xcassets in Resources */,
				B8EEC8B22828361D00DDCCF4 /* Main.storyboard in Resources */,
			);
			runOnlyForDeploymentPostprocessing = 0;
		};
/* End PBXResourcesBuildPhase section */

/* Begin PBXSourcesBuildPhase section */
		B8EEC8A32828361D00DDCCF4 /* Sources */ = {
			isa = PBXSourcesBuildPhase;
			buildActionMask = 2147483647;
			files = (
				B8EEC8BF2828375D00DDCCF4 /* VideoCapture.swift in Sources */,
				B8EEC8CB2829DD7300DDCCF4 /* ActCat_AGJ 1.mlmodel in Sources */,
				B8EEC8AF2828361D00DDCCF4 /* ViewController.swift in Sources */,
				B8EEC8AB2828361D00DDCCF4 /* AppDelegate.swift in Sources */,
				B8EEC8C328286A7200DDCCF4 /* Predictor.swift in Sources */,
				B8EEC8AD2828361D00DDCCF4 /* SceneDelegate.swift in Sources */,
			);
			runOnlyForDeploymentPostprocessing = 0;
		};
/* End PBXSourcesBuildPhase section */

/* Begin PBXVariantGroup section */
		B8EEC8B02828361D00DDCCF4 /* Main.storyboard */ = {
			isa = PBXVariantGroup;
			children = (
				B8EEC8B12828361D00DDCCF4 /* Base */,
			);
			name = Main.storyboard;
			sourceTree = "<group>";
		};
		B8EEC8B52828362100DDCCF4 /* LaunchScreen.storyboard */ = {
			isa = PBXVariantGroup;
			children = (
				B8EEC8B62828362100DDCCF4 /* Base */,
			);
			name = LaunchScreen.storyboard;
			sourceTree = "<group>";
		};
/* End PBXVariantGroup section */

/* Begin XCBuildConfiguration section */
		B8EEC8B92828362100DDCCF4 /* Debug */ = {
			isa = XCBuildConfiguration;
			buildSettings = {
				ALWAYS_SEARCH_USER_PATHS = NO;
				CLANG_ANALYZER_NONNULL = YES;
				CLANG_ANALYZER_NUMBER_OBJECT_CONVERSION = YES_AGGRESSIVE;
				CLANG_CXX_LANGUAGE_STANDARD = "gnu++17";
				CLANG_ENABLE_MODULES = YES;
				CLANG_ENABLE_OBJC_ARC = YES;
				CLANG_ENABLE_OBJC_WEAK = YES;
				CLANG_WARN_BLOCK_CAPTURE_AUTORELEASING = YES;
				CLANG_WARN_BOOL_CONVERSION = YES;
				CLANG_WARN_COMMA = YES;
				CLANG_WARN_CONSTANT_CONVERSION = YES;
				CLANG_WARN_DEPRECATED_OBJC_IMPLEMENTATIONS = YES;
				CLANG_WARN_DIRECT_OBJC_ISA_USAGE = YES_ERROR;
				CLANG_WARN_DOCUMENTATION_COMMENTS = YES;
				CLANG_WARN_EMPTY_BODY = YES;
				CLANG_WARN_ENUM_CONVERSION = YES;
				CLANG_WARN_INFINITE_RECURSION = YES;
				CLANG_WARN_INT_CONVERSION = YES;
				CLANG_WARN_NON_LITERAL_NULL_CONVERSION = YES;
				CLANG_WARN_OBJC_IMPLICIT_RETAIN_SELF = YES;
				CLANG_WARN_OBJC_LITERAL_CONVERSION = YES;
				CLANG_WARN_OBJC_ROOT_CLASS = YES_ERROR;
				CLANG_WARN_QUOTED_INCLUDE_IN_FRAMEWORK_HEADER = YES;
				CLANG_WARN_RANGE_LOOP_ANALYSIS = YES;
				CLANG_WARN_STRICT_PROTOTYPES = YES;
				CLANG_WARN_SUSPICIOUS_MOVE = YES;
				CLANG_WARN_UNGUARDED_AVAILABILITY = YES_AGGRESSIVE;
				CLANG_WARN_UNREACHABLE_CODE = YES;
				CLANG_WARN__DUPLICATE_METHOD_MATCH = YES;
				COPY_PHASE_STRIP = NO;
				DEBUG_INFORMATION_FORMAT = dwarf;
				ENABLE_STRICT_OBJC_MSGSEND = YES;
				ENABLE_TESTABILITY = YES;
				GCC_C_LANGUAGE_STANDARD = gnu11;
				GCC_DYNAMIC_NO_PIC = NO;
				GCC_NO_COMMON_BLOCKS = YES;
				GCC_OPTIMIZATION_LEVEL = 0;
				GCC_PREPROCESSOR_DEFINITIONS = (
					"DEBUG=1",
					"$(inherited)",
				);
				GCC_WARN_64_TO_32_BIT_CONVERSION = YES;
				GCC_WARN_ABOUT_RETURN_TYPE = YES_ERROR;
				GCC_WARN_UNDECLARED_SELECTOR = YES;
				GCC_WARN_UNINITIALIZED_AUTOS = YES_AGGRESSIVE;
				GCC_WARN_UNUSED_FUNCTION = YES;
				GCC_WARN_UNUSED_VARIABLE = YES;
				IPHONEOS_DEPLOYMENT_TARGET = 15.4;
				MTL_ENABLE_DEBUG_INFO = INCLUDE_SOURCE;
				MTL_FAST_MATH = YES;
				ONLY_ACTIVE_ARCH = YES;
				SDKROOT = iphoneos;
				SWIFT_ACTIVE_COMPILATION_CONDITIONS = DEBUG;
				SWIFT_OPTIMIZATION_LEVEL = "-Onone";
			};
			name = Debug;
		};
		B8EEC8BA2828362100DDCCF4 /* Release */ = {
			isa = XCBuildConfiguration;
			buildSettings = {
				ALWAYS_SEARCH_USER_PATHS = NO;
				CLANG_ANALYZER_NONNULL = YES;
				CLANG_ANALYZER_NUMBER_OBJECT_CONVERSION = YES_AGGRESSIVE;
				CLANG_CXX_LANGUAGE_STANDARD = "gnu++17";
				CLANG_ENABLE_MODULES = YES;
				CLANG_ENABLE_OBJC_ARC = YES;
				CLANG_ENABLE_OBJC_WEAK = YES;
				CLANG_WARN_BLOCK_CAPTURE_AUTORELEASING = YES;
				CLANG_WARN_BOOL_CONVERSION = YES;
				CLANG_WARN_COMMA = YES;
				CLANG_WARN_CONSTANT_CONVERSION = YES;
				CLANG_WARN_DEPRECATED_OBJC_IMPLEMENTATIONS = YES;
				CLANG_WARN_DIRECT_OBJC_ISA_USAGE = YES_ERROR;
				CLANG_WARN_DOCUMENTATION_COMMENTS = YES;
				CLANG_WARN_EMPTY_BODY = YES;
				CLANG_WARN_ENUM_CONVERSION = YES;
				CLANG_WARN_INFINITE_RECURSION = YES;
				CLANG_WARN_INT_CONVERSION = YES;
				CLANG_WARN_NON_LITERAL_NULL_CONVERSION = YES;
				CLANG_WARN_OBJC_IMPLICIT_RETAIN_SELF = YES;
				CLANG_WARN_OBJC_LITERAL_CONVERSION = YES;
				CLANG_WARN_OBJC_ROOT_CLASS = YES_ERROR;
				CLANG_WARN_QUOTED_INCLUDE_IN_FRAMEWORK_HEADER = YES;
				CLANG_WARN_RANGE_LOOP_ANALYSIS = YES;
				CLANG_WARN_STRICT_PROTOTYPES = YES;
				CLANG_WARN_SUSPICIOUS_MOVE = YES;
				CLANG_WARN_UNGUARDED_AVAILABILITY = YES_AGGRESSIVE;
				CLANG_WARN_UNREACHABLE_CODE = YES;
				CLANG_WARN__DUPLICATE_METHOD_MATCH = YES;
				COPY_PHASE_STRIP = NO;
				DEBUG_INFORMATION_FORMAT = "dwarf-with-dsym";
				ENABLE_NS_ASSERTIONS = NO;
				ENABLE_STRICT_OBJC_MSGSEND = YES;
				GCC_C_LANGUAGE_STANDARD = gnu11;
				GCC_NO_COMMON_BLOCKS = YES;
				GCC_WARN_64_TO_32_BIT_CONVERSION = YES;
				GCC_WARN_ABOUT_RETURN_TYPE = YES_ERROR;
				GCC_WARN_UNDECLARED_SELECTOR = YES;
				GCC_WARN_UNINITIALIZED_AUTOS = YES_AGGRESSIVE;
				GCC_WARN_UNUSED_FUNCTION = YES;
				GCC_WARN_UNUSED_VARIABLE = YES;
				IPHONEOS_DEPLOYMENT_TARGET = 15.4;
				MTL_ENABLE_DEBUG_INFO = NO;
				MTL_FAST_MATH = YES;
				SDKROOT = iphoneos;
				SWIFT_COMPILATION_MODE = wholemodule;
				SWIFT_OPTIMIZATION_LEVEL = "-O";
				VALIDATE_PRODUCT = YES;
			};
			name = Release;
		};
		B8EEC8BC2828362100DDCCF4 /* Debug */ = {
			isa = XCBuildConfiguration;
			buildSettings = {
				ASSETCATALOG_COMPILER_APPICON_NAME = AppIcon;
				ASSETCATALOG_COMPILER_GLOBAL_ACCENT_COLOR_NAME = AccentColor;
				CODE_SIGN_STYLE = Automatic;
				CURRENT_PROJECT_VERSION = 1;
				DEVELOPMENT_TEAM = 4HP3AZLP4Z;
				GENERATE_INFOPLIST_FILE = YES;
				INFOPLIST_FILE = MyActionIdentifier/Info.plist;
				INFOPLIST_KEY_UIApplicationSupportsIndirectInputEvents = YES;
				INFOPLIST_KEY_UILaunchStoryboardName = LaunchScreen;
				INFOPLIST_KEY_UIMainStoryboardFile = Main;
				INFOPLIST_KEY_UISupportedInterfaceOrientations_iPad = "UIInterfaceOrientationPortrait UIInterfaceOrientationPortraitUpsideDown UIInterfaceOrientationLandscapeLeft UIInterfaceOrientationLandscapeRight";
				INFOPLIST_KEY_UISupportedInterfaceOrientations_iPhone = "UIInterfaceOrientationPortrait UIInterfaceOrientationLandscapeLeft UIInterfaceOrientationLandscapeRight";
				LD_RUNPATH_SEARCH_PATHS = (
					"$(inherited)",
					"@executable_path/Frameworks",
				);
				MARKETING_VERSION = 1.0;
				PRODUCT_BUNDLE_IDENTIFIER = edu.northeastern.MyActionIdentifier;
				PRODUCT_NAME = "$(TARGET_NAME)";
				SWIFT_EMIT_LOC_STRINGS = YES;
				SWIFT_VERSION = 5.0;
				TARGETED_DEVICE_FAMILY = "1,2";
			};
			name = Debug;
		};
		B8EEC8BD2828362100DDCCF4 /* Release */ = {
			isa = XCBuildConfiguration;
			buildSettings = {
				ASSETCATALOG_COMPILER_APPICON_NAME = AppIcon;
				ASSETCATALOG_COMPILER_GLOBAL_ACCENT_COLOR_NAME = AccentColor;
				CODE_SIGN_STYLE = Automatic;
				CURRENT_PROJECT_VERSION = 1;
				DEVELOPMENT_TEAM = 4HP3AZLP4Z;
				GENERATE_INFOPLIST_FILE = YES;
				INFOPLIST_FILE = MyActionIdentifier/Info.plist;
				INFOPLIST_KEY_UIApplicationSupportsIndirectInputEvents = YES;
				INFOPLIST_KEY_UILaunchStoryboardName = LaunchScreen;
				INFOPLIST_KEY_UIMainStoryboardFile = Main;
				INFOPLIST_KEY_UISupportedInterfaceOrientations_iPad = "UIInterfaceOrientationPortrait UIInterfaceOrientationPortraitUpsideDown UIInterfaceOrientationLandscapeLeft UIInterfaceOrientationLandscapeRight";
				INFOPLIST_KEY_UISupportedInterfaceOrientations_iPhone = "UIInterfaceOrientationPortrait UIInterfaceOrientationLandscapeLeft UIInterfaceOrientationLandscapeRight";
				LD_RUNPATH_SEARCH_PATHS = (
					"$(inherited)",
					"@executable_path/Frameworks",
				);
				MARKETING_VERSION = 1.0;
				PRODUCT_BUNDLE_IDENTIFIER = edu.northeastern.MyActionIdentifier;
				PRODUCT_NAME = "$(TARGET_NAME)";
				SWIFT_EMIT_LOC_STRINGS = YES;
				SWIFT_VERSION = 5.0;
				TARGETED_DEVICE_FAMILY = "1,2";
			};
			name = Release;
		};
/* End XCBuildConfiguration section */

/* Begin XCConfigurationList section */
		B8EEC8A22828361D00DDCCF4 /* Build configuration list for PBXProject "MyActionIdentifier" */ = {
			isa = XCConfigurationList;
			buildConfigurations = (
				B8EEC8B92828362100DDCCF4 /* Debug */,
				B8EEC8BA2828362100DDCCF4 /* Release */,
			);
			defaultConfigurationIsVisible = 0;
			defaultConfigurationName = Release;
		};
		B8EEC8BB2828362100DDCCF4 /* Build configuration list for PBXNativeTarget "MyActionIdentifier" */ = {
			isa = XCConfigurationList;
			buildConfigurations = (
				B8EEC8BC2828362100DDCCF4 /* Debug */,
				B8EEC8BD2828362100DDCCF4 /* Release */,
			);
			defaultConfigurationIsVisible = 0;
			defaultConfigurationName = Release;
		};
/* End XCConfigurationList section */
	};
	rootObject = B8EEC89F2828361D00DDCCF4 /* Project object */;
}
