// !$*UTF8*$!
{
	archiveVersion = 1;
	classes = {
	};
	objectVersion = 55;
	objects = {

/* Begin PBXBuildFile section */
		6844B4DE6F7C4CCD9E4CA9FB /* Pods_LoginApp.framework in Frameworks */ = {isa = PBXBuildFile; fileRef = 87D4D095E62335C48E364586 /* Pods_LoginApp.framework */; };
		B815A36227F0D6FD002036FD /* AppDelegate.swift in Sources */ = {isa = PBXBuildFile; fileRef = B815A36127F0D6FD002036FD /* AppDelegate.swift */; };
		B815A36427F0D6FD002036FD /* SceneDelegate.swift in Sources */ = {isa = PBXBuildFile; fileRef = B815A36327F0D6FD002036FD /* SceneDelegate.swift */; };
		B815A36627F0D6FD002036FD /* LoginViewController.swift in Sources */ = {isa = PBXBuildFile; fileRef = B815A36527F0D6FD002036FD /* LoginViewController.swift */; };
		B815A36927F0D6FD002036FD /* Main.storyboard in Resources */ = {isa = PBXBuildFile; fileRef = B815A36727F0D6FD002036FD /* Main.storyboard */; };
		B815A36B27F0D701002036FD /* Assets.xcassets in Resources */ = {isa = PBXBuildFile; fileRef = B815A36A27F0D701002036FD /* Assets.xcassets */; };
		B815A36E27F0D701002036FD /* LaunchScreen.storyboard in Resources */ = {isa = PBXBuildFile; fileRef = B815A36C27F0D701002036FD /* LaunchScreen.storyboard */; };
		B815A37627F0E31D002036FD /* GoogleService-Info.plist in Resources */ = {isa = PBXBuildFile; fileRef = B815A37527F0E31D002036FD /* GoogleService-Info.plist */; };
		B815A37927F0EC8F002036FD /* StringExtension.swift in Sources */ = {isa = PBXBuildFile; fileRef = B815A37827F0EC8F002036FD /* StringExtension.swift */; };
		B815A37B27F0F056002036FD /* DashboardViewController.swift in Sources */ = {isa = PBXBuildFile; fileRef = B815A37A27F0F056002036FD /* DashboardViewController.swift */; };
		B815A37D27F0F433002036FD /* KeychainService.swift in Sources */ = {isa = PBXBuildFile; fileRef = B815A37C27F0F433002036FD /* KeychainService.swift */; };
		B815A38227F0FB39002036FD /* RegisterViewController.swift in Sources */ = {isa = PBXBuildFile; fileRef = B815A38127F0FB39002036FD /* RegisterViewController.swift */; };
		B815A38427F0FB4B002036FD /* ForgotPasswordViewController.swift in Sources */ = {isa = PBXBuildFile; fileRef = B815A38327F0FB4A002036FD /* ForgotPasswordViewController.swift */; };
		B8EC4E3127FA147D005F7526 /* StoryboardResetPassword.storyboard in Resources */ = {isa = PBXBuildFile; fileRef = B8EC4E3027FA147D005F7526 /* StoryboardResetPassword.storyboard */; };
		B8EC4E3327FA149D005F7526 /* ResetPasswordViewController.swift in Sources */ = {isa = PBXBuildFile; fileRef = B8EC4E3227FA149D005F7526 /* ResetPasswordViewController.swift */; };
/* End PBXBuildFile section */

/* Begin PBXFileReference section */
		0BB9A8EEFE23CD98AF428FBE /* Pods-LoginApp.debug.xcconfig */ = {isa = PBXFileReference; includeInIndex = 1; lastKnownFileType = text.xcconfig; name = "Pods-LoginApp.debug.xcconfig"; path = "Target Support Files/Pods-LoginApp/Pods-LoginApp.debug.xcconfig"; sourceTree = "<group>"; };
		591B9A2EC40A953A3B7DEAB9 /* Pods-LoginApp.release.xcconfig */ = {isa = PBXFileReference; includeInIndex = 1; lastKnownFileType = text.xcconfig; name = "Pods-LoginApp.release.xcconfig"; path = "Target Support Files/Pods-LoginApp/Pods-LoginApp.release.xcconfig"; sourceTree = "<group>"; };
		87D4D095E62335C48E364586 /* Pods_LoginApp.framework */ = {isa = PBXFileReference; explicitFileType = wrapper.framework; includeInIndex = 0; path = Pods_LoginApp.framework; sourceTree = BUILT_PRODUCTS_DIR; };
		B815A35E27F0D6FD002036FD /* LoginApp.app */ = {isa = PBXFileReference; explicitFileType = wrapper.application; includeInIndex = 0; path = LoginApp.app; sourceTree = BUILT_PRODUCTS_DIR; };
		B815A36127F0D6FD002036FD /* AppDelegate.swift */ = {isa = PBXFileReference; lastKnownFileType = sourcecode.swift; path = AppDelegate.swift; sourceTree = "<group>"; };
		B815A36327F0D6FD002036FD /* SceneDelegate.swift */ = {isa = PBXFileReference; lastKnownFileType = sourcecode.swift; path = SceneDelegate.swift; sourceTree = "<group>"; };
		B815A36527F0D6FD002036FD /* LoginViewController.swift */ = {isa = PBXFileReference; lastKnownFileType = sourcecode.swift; path = LoginViewController.swift; sourceTree = "<group>"; };
		B815A36827F0D6FD002036FD /* Base */ = {isa = PBXFileReference; lastKnownFileType = file.storyboard; name = Base; path = Base.lproj/Main.storyboard; sourceTree = "<group>"; };
		B815A36A27F0D701002036FD /* Assets.xcassets */ = {isa = PBXFileReference; lastKnownFileType = folder.assetcatalog; path = Assets.xcassets; sourceTree = "<group>"; };
		B815A36D27F0D701002036FD /* Base */ = {isa = PBXFileReference; lastKnownFileType = file.storyboard; name = Base; path = Base.lproj/LaunchScreen.storyboard; sourceTree = "<group>"; };
		B815A36F27F0D701002036FD /* Info.plist */ = {isa = PBXFileReference; lastKnownFileType = text.plist.xml; path = Info.plist; sourceTree = "<group>"; };
		B815A37527F0E31D002036FD /* GoogleService-Info.plist */ = {isa = PBXFileReference; fileEncoding = 4; lastKnownFileType = text.plist.xml; path = "GoogleService-Info.plist"; sourceTree = "<group>"; };
		B815A37827F0EC8F002036FD /* StringExtension.swift */ = {isa = PBXFileReference; lastKnownFileType = sourcecode.swift; path = StringExtension.swift; sourceTree = "<group>"; };
		B815A37A27F0F056002036FD /* DashboardViewController.swift */ = {isa = PBXFileReference; lastKnownFileType = sourcecode.swift; path = DashboardViewController.swift; sourceTree = "<group>"; };
		B815A37C27F0F433002036FD /* KeychainService.swift */ = {isa = PBXFileReference; lastKnownFileType = sourcecode.swift; path = KeychainService.swift; sourceTree = "<group>"; };
		B815A38127F0FB39002036FD /* RegisterViewController.swift */ = {isa = PBXFileReference; lastKnownFileType = sourcecode.swift; path = RegisterViewController.swift; sourceTree = "<group>"; };
		B815A38327F0FB4A002036FD /* ForgotPasswordViewController.swift */ = {isa = PBXFileReference; lastKnownFileType = sourcecode.swift; path = ForgotPasswordViewController.swift; sourceTree = "<group>"; };
		B8EC4E3027FA147D005F7526 /* StoryboardResetPassword.storyboard */ = {isa = PBXFileReference; lastKnownFileType = file.storyboard; path = StoryboardResetPassword.storyboard; sourceTree = "<group>"; };
		B8EC4E3227FA149D005F7526 /* ResetPasswordViewController.swift */ = {isa = PBXFileReference; lastKnownFileType = sourcecode.swift; path = ResetPasswordViewController.swift; sourceTree = "<group>"; };
/* End PBXFileReference section */

/* Begin PBXFrameworksBuildPhase section */
		B815A35B27F0D6FD002036FD /* Frameworks */ = {
			isa = PBXFrameworksBuildPhase;
			buildActionMask = 2147483647;
			files = (
				6844B4DE6F7C4CCD9E4CA9FB /* Pods_LoginApp.framework in Frameworks */,
			);
			runOnlyForDeploymentPostprocessing = 0;
		};
/* End PBXFrameworksBuildPhase section */

/* Begin PBXGroup section */
		55CFF6C8CF787D4077D35C39 /* Pods */ = {
			isa = PBXGroup;
			children = (
				0BB9A8EEFE23CD98AF428FBE /* Pods-LoginApp.debug.xcconfig */,
				591B9A2EC40A953A3B7DEAB9 /* Pods-LoginApp.release.xcconfig */,
			);
			path = Pods;
			sourceTree = "<group>";
		};
		B815A35527F0D6FD002036FD = {
			isa = PBXGroup;
			children = (
				B815A36027F0D6FD002036FD /* LoginApp */,
				B815A35F27F0D6FD002036FD /* Products */,
				55CFF6C8CF787D4077D35C39 /* Pods */,
				F86303B262C78FDD628B21FA /* Frameworks */,
			);
			sourceTree = "<group>";
		};
		B815A35F27F0D6FD002036FD /* Products */ = {
			isa = PBXGroup;
			children = (
				B815A35E27F0D6FD002036FD /* LoginApp.app */,
			);
			name = Products;
			sourceTree = "<group>";
		};
		B815A36027F0D6FD002036FD /* LoginApp */ = {
			isa = PBXGroup;
			children = (
				B8EC4E2F27FA1399005F7526 /* ResetPassword */,
				B815A38027F0FA98002036FD /* Controller */,
				B815A37F27F0FA93002036FD /* View */,
				B815A37E27F0FA89002036FD /* Model */,
				B815A37727F0EC75002036FD /* Utils */,
				B815A36127F0D6FD002036FD /* AppDelegate.swift */,
				B815A36327F0D6FD002036FD /* SceneDelegate.swift */,
				B815A36727F0D6FD002036FD /* Main.storyboard */,
				B815A36A27F0D701002036FD /* Assets.xcassets */,
				B815A36C27F0D701002036FD /* LaunchScreen.storyboard */,
				B815A36F27F0D701002036FD /* Info.plist */,
				B815A37527F0E31D002036FD /* GoogleService-Info.plist */,
			);
			path = LoginApp;
			sourceTree = "<group>";
		};
		B815A37727F0EC75002036FD /* Utils */ = {
			isa = PBXGroup;
			children = (
				B815A37827F0EC8F002036FD /* StringExtension.swift */,
				B815A37C27F0F433002036FD /* KeychainService.swift */,
			);
			path = Utils;
			sourceTree = "<group>";
		};
		B815A37E27F0FA89002036FD /* Model */ = {
			isa = PBXGroup;
			children = (
			);
			path = Model;
			sourceTree = "<group>";
		};
		B815A37F27F0FA93002036FD /* View */ = {
			isa = PBXGroup;
			children = (
			);
			path = View;
			sourceTree = "<group>";
		};
		B815A38027F0FA98002036FD /* Controller */ = {
			isa = PBXGroup;
			children = (
				B815A36527F0D6FD002036FD /* LoginViewController.swift */,
				B815A37A27F0F056002036FD /* DashboardViewController.swift */,
				B815A38127F0FB39002036FD /* RegisterViewController.swift */,
				B815A38327F0FB4A002036FD /* ForgotPasswordViewController.swift */,
			);
			path = Controller;
			sourceTree = "<group>";
		};
		B8EC4E2F27FA1399005F7526 /* ResetPassword */ = {
			isa = PBXGroup;
			children = (
				B8EC4E3027FA147D005F7526 /* StoryboardResetPassword.storyboard */,
				B8EC4E3227FA149D005F7526 /* ResetPasswordViewController.swift */,
			);
			path = ResetPassword;
			sourceTree = "<group>";
		};
		F86303B262C78FDD628B21FA /* Frameworks */ = {
			isa = PBXGroup;
			children = (
				87D4D095E62335C48E364586 /* Pods_LoginApp.framework */,
			);
			name = Frameworks;
			sourceTree = "<group>";
		};
/* End PBXGroup section */

/* Begin PBXNativeTarget section */
		B815A35D27F0D6FD002036FD /* LoginApp */ = {
			isa = PBXNativeTarget;
			buildConfigurationList = B815A37227F0D701002036FD /* Build configuration list for PBXNativeTarget "LoginApp" */;
			buildPhases = (
				94A7E8A72CFD4E82F9391082 /* [CP] Check Pods Manifest.lock */,
				B815A35A27F0D6FD002036FD /* Sources */,
				B815A35B27F0D6FD002036FD /* Frameworks */,
				B815A35C27F0D6FD002036FD /* Resources */,
				1FB825C327120CF82DD9E24A /* [CP] Embed Pods Frameworks */,
			);
			buildRules = (
			);
			dependencies = (
			);
			name = LoginApp;
			productName = LoginApp;
			productReference = B815A35E27F0D6FD002036FD /* LoginApp.app */;
			productType = "com.apple.product-type.application";
		};
/* End PBXNativeTarget section */

/* Begin PBXProject section */
		B815A35627F0D6FD002036FD /* Project object */ = {
			isa = PBXProject;
			attributes = {
				BuildIndependentTargetsInParallel = 1;
				LastSwiftUpdateCheck = 1330;
				LastUpgradeCheck = 1330;
				TargetAttributes = {
					B815A35D27F0D6FD002036FD = {
						CreatedOnToolsVersion = 13.3;
					};
				};
			};
			buildConfigurationList = B815A35927F0D6FD002036FD /* Build configuration list for PBXProject "LoginApp" */;
			compatibilityVersion = "Xcode 13.0";
			developmentRegion = en;
			hasScannedForEncodings = 0;
			knownRegions = (
				en,
				Base,
			);
			mainGroup = B815A35527F0D6FD002036FD;
			productRefGroup = B815A35F27F0D6FD002036FD /* Products */;
			projectDirPath = "";
			projectRoot = "";
			targets = (
				B815A35D27F0D6FD002036FD /* LoginApp */,
			);
		};
/* End PBXProject section */

/* Begin PBXResourcesBuildPhase section */
		B815A35C27F0D6FD002036FD /* Resources */ = {
			isa = PBXResourcesBuildPhase;
			buildActionMask = 2147483647;
			files = (
				B815A36E27F0D701002036FD /* LaunchScreen.storyboard in Resources */,
				B815A37627F0E31D002036FD /* GoogleService-Info.plist in Resources */,
				B815A36B27F0D701002036FD /* Assets.xcassets in Resources */,
				B8EC4E3127FA147D005F7526 /* StoryboardResetPassword.storyboard in Resources */,
				B815A36927F0D6FD002036FD /* Main.storyboard in Resources */,
			);
			runOnlyForDeploymentPostprocessing = 0;
		};
/* End PBXResourcesBuildPhase section */

/* Begin PBXShellScriptBuildPhase section */
		1FB825C327120CF82DD9E24A /* [CP] Embed Pods Frameworks */ = {
			isa = PBXShellScriptBuildPhase;
			buildActionMask = 2147483647;
			files = (
			);
			inputFileListPaths = (
				"${PODS_ROOT}/Target Support Files/Pods-LoginApp/Pods-LoginApp-frameworks-${CONFIGURATION}-input-files.xcfilelist",
			);
			name = "[CP] Embed Pods Frameworks";
			outputFileListPaths = (
				"${PODS_ROOT}/Target Support Files/Pods-LoginApp/Pods-LoginApp-frameworks-${CONFIGURATION}-output-files.xcfilelist",
			);
			runOnlyForDeploymentPostprocessing = 0;
			shellPath = /bin/sh;
			shellScript = "\"${PODS_ROOT}/Target Support Files/Pods-LoginApp/Pods-LoginApp-frameworks.sh\"\n";
			showEnvVarsInLog = 0;
		};
		94A7E8A72CFD4E82F9391082 /* [CP] Check Pods Manifest.lock */ = {
			isa = PBXShellScriptBuildPhase;
			buildActionMask = 2147483647;
			files = (
			);
			inputFileListPaths = (
			);
			inputPaths = (
				"${PODS_PODFILE_DIR_PATH}/Podfile.lock",
				"${PODS_ROOT}/Manifest.lock",
			);
			name = "[CP] Check Pods Manifest.lock";
			outputFileListPaths = (
			);
			outputPaths = (
				"$(DERIVED_FILE_DIR)/Pods-LoginApp-checkManifestLockResult.txt",
			);
			runOnlyForDeploymentPostprocessing = 0;
			shellPath = /bin/sh;
			shellScript = "diff \"${PODS_PODFILE_DIR_PATH}/Podfile.lock\" \"${PODS_ROOT}/Manifest.lock\" > /dev/null\nif [ $? != 0 ] ; then\n    # print error to STDERR\n    echo \"error: The sandbox is not in sync with the Podfile.lock. Run 'pod install' or update your CocoaPods installation.\" >&2\n    exit 1\nfi\n# This output is used by Xcode 'outputs' to avoid re-running this script phase.\necho \"SUCCESS\" > \"${SCRIPT_OUTPUT_FILE_0}\"\n";
			showEnvVarsInLog = 0;
		};
/* End PBXShellScriptBuildPhase section */

/* Begin PBXSourcesBuildPhase section */
		B815A35A27F0D6FD002036FD /* Sources */ = {
			isa = PBXSourcesBuildPhase;
			buildActionMask = 2147483647;
			files = (
				B8EC4E3327FA149D005F7526 /* ResetPasswordViewController.swift in Sources */,
				B815A38427F0FB4B002036FD /* ForgotPasswordViewController.swift in Sources */,
				B815A37927F0EC8F002036FD /* StringExtension.swift in Sources */,
				B815A36627F0D6FD002036FD /* LoginViewController.swift in Sources */,
				B815A38227F0FB39002036FD /* RegisterViewController.swift in Sources */,
				B815A37B27F0F056002036FD /* DashboardViewController.swift in Sources */,
				B815A36227F0D6FD002036FD /* AppDelegate.swift in Sources */,
				B815A36427F0D6FD002036FD /* SceneDelegate.swift in Sources */,
				B815A37D27F0F433002036FD /* KeychainService.swift in Sources */,
			);
			runOnlyForDeploymentPostprocessing = 0;
		};
/* End PBXSourcesBuildPhase section */

/* Begin PBXVariantGroup section */
		B815A36727F0D6FD002036FD /* Main.storyboard */ = {
			isa = PBXVariantGroup;
			children = (
				B815A36827F0D6FD002036FD /* Base */,
			);
			name = Main.storyboard;
			sourceTree = "<group>";
		};
		B815A36C27F0D701002036FD /* LaunchScreen.storyboard */ = {
			isa = PBXVariantGroup;
			children = (
				B815A36D27F0D701002036FD /* Base */,
			);
			name = LaunchScreen.storyboard;
			sourceTree = "<group>";
		};
/* End PBXVariantGroup section */

/* Begin XCBuildConfiguration section */
		B815A37027F0D701002036FD /* Debug */ = {
			isa = XCBuildConfiguration;
			buildSettings = {
				ALWAYS_SEARCH_USER_PATHS = NO;
				CLANG_ANALYZER_NONNULL = YES;
				CLANG_ANALYZER_NUMBER_OBJECT_CONVERSION = YES_AGGRESSIVE;
				CLANG_CXX_LANGUAGE_STANDARD = "gnu++17";
				CLANG_ENABLE_MODULES = YES;
				CLANG_ENABLE_OBJC_ARC = YES;
				CLANG_ENABLE_OBJC_WEAK = YES;
				CLANG_WARN_BLOCK_CAPTURE_AUTORELEASING = YES;
				CLANG_WARN_BOOL_CONVERSION = YES;
				CLANG_WARN_COMMA = YES;
				CLANG_WARN_CONSTANT_CONVERSION = YES;
				CLANG_WARN_DEPRECATED_OBJC_IMPLEMENTATIONS = YES;
				CLANG_WARN_DIRECT_OBJC_ISA_USAGE = YES_ERROR;
				CLANG_WARN_DOCUMENTATION_COMMENTS = YES;
				CLANG_WARN_EMPTY_BODY = YES;
				CLANG_WARN_ENUM_CONVERSION = YES;
				CLANG_WARN_INFINITE_RECURSION = YES;
				CLANG_WARN_INT_CONVERSION = YES;
				CLANG_WARN_NON_LITERAL_NULL_CONVERSION = YES;
				CLANG_WARN_OBJC_IMPLICIT_RETAIN_SELF = YES;
				CLANG_WARN_OBJC_LITERAL_CONVERSION = YES;
				CLANG_WARN_OBJC_ROOT_CLASS = YES_ERROR;
				CLANG_WARN_QUOTED_INCLUDE_IN_FRAMEWORK_HEADER = YES;
				CLANG_WARN_RANGE_LOOP_ANALYSIS = YES;
				CLANG_WARN_STRICT_PROTOTYPES = YES;
				CLANG_WARN_SUSPICIOUS_MOVE = YES;
				CLANG_WARN_UNGUARDED_AVAILABILITY = YES_AGGRESSIVE;
				CLANG_WARN_UNREACHABLE_CODE = YES;
				CLANG_WARN__DUPLICATE_METHOD_MATCH = YES;
				COPY_PHASE_STRIP = NO;
				DEBUG_INFORMATION_FORMAT = dwarf;
				ENABLE_STRICT_OBJC_MSGSEND = YES;
				ENABLE_TESTABILITY = YES;
				GCC_C_LANGUAGE_STANDARD = gnu11;
				GCC_DYNAMIC_NO_PIC = NO;
				GCC_NO_COMMON_BLOCKS = YES;
				GCC_OPTIMIZATION_LEVEL = 0;
				GCC_PREPROCESSOR_DEFINITIONS = (
					"DEBUG=1",
					"$(inherited)",
				);
				GCC_WARN_64_TO_32_BIT_CONVERSION = YES;
				GCC_WARN_ABOUT_RETURN_TYPE = YES_ERROR;
				GCC_WARN_UNDECLARED_SELECTOR = YES;
				GCC_WARN_UNINITIALIZED_AUTOS = YES_AGGRESSIVE;
				GCC_WARN_UNUSED_FUNCTION = YES;
				GCC_WARN_UNUSED_VARIABLE = YES;
				IPHONEOS_DEPLOYMENT_TARGET = 15.4;
				MTL_ENABLE_DEBUG_INFO = INCLUDE_SOURCE;
				MTL_FAST_MATH = YES;
				ONLY_ACTIVE_ARCH = YES;
				SDKROOT = iphoneos;
				SWIFT_ACTIVE_COMPILATION_CONDITIONS = DEBUG;
				SWIFT_OPTIMIZATION_LEVEL = "-Onone";
			};
			name = Debug;
		};
		B815A37127F0D701002036FD /* Release */ = {
			isa = XCBuildConfiguration;
			buildSettings = {
				ALWAYS_SEARCH_USER_PATHS = NO;
				CLANG_ANALYZER_NONNULL = YES;
				CLANG_ANALYZER_NUMBER_OBJECT_CONVERSION = YES_AGGRESSIVE;
				CLANG_CXX_LANGUAGE_STANDARD = "gnu++17";
				CLANG_ENABLE_MODULES = YES;
				CLANG_ENABLE_OBJC_ARC = YES;
				CLANG_ENABLE_OBJC_WEAK = YES;
				CLANG_WARN_BLOCK_CAPTURE_AUTORELEASING = YES;
				CLANG_WARN_BOOL_CONVERSION = YES;
				CLANG_WARN_COMMA = YES;
				CLANG_WARN_CONSTANT_CONVERSION = YES;
				CLANG_WARN_DEPRECATED_OBJC_IMPLEMENTATIONS = YES;
				CLANG_WARN_DIRECT_OBJC_ISA_USAGE = YES_ERROR;
				CLANG_WARN_DOCUMENTATION_COMMENTS = YES;
				CLANG_WARN_EMPTY_BODY = YES;
				CLANG_WARN_ENUM_CONVERSION = YES;
				CLANG_WARN_INFINITE_RECURSION = YES;
				CLANG_WARN_INT_CONVERSION = YES;
				CLANG_WARN_NON_LITERAL_NULL_CONVERSION = YES;
				CLANG_WARN_OBJC_IMPLICIT_RETAIN_SELF = YES;
				CLANG_WARN_OBJC_LITERAL_CONVERSION = YES;
				CLANG_WARN_OBJC_ROOT_CLASS = YES_ERROR;
				CLANG_WARN_QUOTED_INCLUDE_IN_FRAMEWORK_HEADER = YES;
				CLANG_WARN_RANGE_LOOP_ANALYSIS = YES;
				CLANG_WARN_STRICT_PROTOTYPES = YES;
				CLANG_WARN_SUSPICIOUS_MOVE = YES;
				CLANG_WARN_UNGUARDED_AVAILABILITY = YES_AGGRESSIVE;
				CLANG_WARN_UNREACHABLE_CODE = YES;
				CLANG_WARN__DUPLICATE_METHOD_MATCH = YES;
				COPY_PHASE_STRIP = NO;
				DEBUG_INFORMATION_FORMAT = "dwarf-with-dsym";
				ENABLE_NS_ASSERTIONS = NO;
				ENABLE_STRICT_OBJC_MSGSEND = YES;
				GCC_C_LANGUAGE_STANDARD = gnu11;
				GCC_NO_COMMON_BLOCKS = YES;
				GCC_WARN_64_TO_32_BIT_CONVERSION = YES;
				GCC_WARN_ABOUT_RETURN_TYPE = YES_ERROR;
				GCC_WARN_UNDECLARED_SELECTOR = YES;
				GCC_WARN_UNINITIALIZED_AUTOS = YES_AGGRESSIVE;
				GCC_WARN_UNUSED_FUNCTION = YES;
				GCC_WARN_UNUSED_VARIABLE = YES;
				IPHONEOS_DEPLOYMENT_TARGET = 15.4;
				MTL_ENABLE_DEBUG_INFO = NO;
				MTL_FAST_MATH = YES;
				SDKROOT = iphoneos;
				SWIFT_COMPILATION_MODE = wholemodule;
				SWIFT_OPTIMIZATION_LEVEL = "-O";
				VALIDATE_PRODUCT = YES;
			};
			name = Release;
		};
		B815A37327F0D701002036FD /* Debug */ = {
			isa = XCBuildConfiguration;
			baseConfigurationReference = 0BB9A8EEFE23CD98AF428FBE /* Pods-LoginApp.debug.xcconfig */;
			buildSettings = {
				ASSETCATALOG_COMPILER_APPICON_NAME = AppIcon;
				ASSETCATALOG_COMPILER_GLOBAL_ACCENT_COLOR_NAME = AccentColor;
				CODE_SIGN_STYLE = Automatic;
				CURRENT_PROJECT_VERSION = 1;
				DEVELOPMENT_TEAM = 4HP3AZLP4Z;
				GENERATE_INFOPLIST_FILE = YES;
				INFOPLIST_FILE = LoginApp/Info.plist;
				INFOPLIST_KEY_UIApplicationSupportsIndirectInputEvents = YES;
				INFOPLIST_KEY_UILaunchStoryboardName = LaunchScreen;
				INFOPLIST_KEY_UIMainStoryboardFile = Main;
				INFOPLIST_KEY_UISupportedInterfaceOrientations_iPad = "UIInterfaceOrientationPortrait UIInterfaceOrientationPortraitUpsideDown UIInterfaceOrientationLandscapeLeft UIInterfaceOrientationLandscapeRight";
				INFOPLIST_KEY_UISupportedInterfaceOrientations_iPhone = "UIInterfaceOrientationPortrait UIInterfaceOrientationLandscapeLeft UIInterfaceOrientationLandscapeRight";
				LD_RUNPATH_SEARCH_PATHS = (
					"$(inherited)",
					"@executable_path/Frameworks",
				);
				MARKETING_VERSION = 1.0;
				PRODUCT_BUNDLE_IDENTIFIER = edu.northeastern.LoginApp;
				PRODUCT_NAME = "$(TARGET_NAME)";
				SWIFT_EMIT_LOC_STRINGS = YES;
				SWIFT_VERSION = 5.0;
				TARGETED_DEVICE_FAMILY = "1,2";
			};
			name = Debug;
		};
		B815A37427F0D701002036FD /* Release */ = {
			isa = XCBuildConfiguration;
			baseConfigurationReference = 591B9A2EC40A953A3B7DEAB9 /* Pods-LoginApp.release.xcconfig */;
			buildSettings = {
				ASSETCATALOG_COMPILER_APPICON_NAME = AppIcon;
				ASSETCATALOG_COMPILER_GLOBAL_ACCENT_COLOR_NAME = AccentColor;
				CODE_SIGN_STYLE = Automatic;
				CURRENT_PROJECT_VERSION = 1;
				DEVELOPMENT_TEAM = 4HP3AZLP4Z;
				GENERATE_INFOPLIST_FILE = YES;
				INFOPLIST_FILE = LoginApp/Info.plist;
				INFOPLIST_KEY_UIApplicationSupportsIndirectInputEvents = YES;
				INFOPLIST_KEY_UILaunchStoryboardName = LaunchScreen;
				INFOPLIST_KEY_UIMainStoryboardFile = Main;
				INFOPLIST_KEY_UISupportedInterfaceOrientations_iPad = "UIInterfaceOrientationPortrait UIInterfaceOrientationPortraitUpsideDown UIInterfaceOrientationLandscapeLeft UIInterfaceOrientationLandscapeRight";
				INFOPLIST_KEY_UISupportedInterfaceOrientations_iPhone = "UIInterfaceOrientationPortrait UIInterfaceOrientationLandscapeLeft UIInterfaceOrientationLandscapeRight";
				LD_RUNPATH_SEARCH_PATHS = (
					"$(inherited)",
					"@executable_path/Frameworks",
				);
				MARKETING_VERSION = 1.0;
				PRODUCT_BUNDLE_IDENTIFIER = edu.northeastern.LoginApp;
				PRODUCT_NAME = "$(TARGET_NAME)";
				SWIFT_EMIT_LOC_STRINGS = YES;
				SWIFT_VERSION = 5.0;
				TARGETED_DEVICE_FAMILY = "1,2";
			};
			name = Release;
		};
/* End XCBuildConfiguration section */

/* Begin XCConfigurationList section */
		B815A35927F0D6FD002036FD /* Build configuration list for PBXProject "LoginApp" */ = {
			isa = XCConfigurationList;
			buildConfigurations = (
				B815A37027F0D701002036FD /* Debug */,
				B815A37127F0D701002036FD /* Release */,
			);
			defaultConfigurationIsVisible = 0;
			defaultConfigurationName = Release;
		};
		B815A37227F0D701002036FD /* Build configuration list for PBXNativeTarget "LoginApp" */ = {
			isa = XCConfigurationList;
			buildConfigurations = (
				B815A37327F0D701002036FD /* Debug */,
				B815A37427F0D701002036FD /* Release */,
			);
			defaultConfigurationIsVisible = 0;
			defaultConfigurationName = Release;
		};
/* End XCConfigurationList section */
	};
	rootObject = B815A35627F0D6FD002036FD /* Project object */;
}
