// !$*UTF8*$!
{
	archiveVersion = 1;
	classes = {
	};
	objectVersion = 55;
	objects = {

/* Begin PBXBuildFile section */
		B8FE500C27DE74EE00FA235A /* AppDelegate.swift in Sources */ = {isa = PBXBuildFile; fileRef = B8FE500B27DE74EE00FA235A /* AppDelegate.swift */; };
		B8FE500E27DE74EE00FA235A /* SceneDelegate.swift in Sources */ = {isa = PBXBuildFile; fileRef = B8FE500D27DE74EE00FA235A /* SceneDelegate.swift */; };
		B8FE501027DE74EE00FA235A /* ViewController.swift in Sources */ = {isa = PBXBuildFile; fileRef = B8FE500F27DE74EE00FA235A /* ViewController.swift */; };
		B8FE501327DE74EE00FA235A /* Main.storyboard in Resources */ = {isa = PBXBuildFile; fileRef = B8FE501127DE74EE00FA235A /* Main.storyboard */; };
		B8FE501527DE74F100FA235A /* Assets.xcassets in Resources */ = {isa = PBXBuildFile; fileRef = B8FE501427DE74F000FA235A /* Assets.xcassets */; };
		B8FE501827DE74F100FA235A /* LaunchScreen.storyboard in Resources */ = {isa = PBXBuildFile; fileRef = B8FE501627DE74F100FA235A /* LaunchScreen.storyboard */; };
		B8FE502127DE7E1000FA235A /* Localizable.strings in Resources */ = {isa = PBXBuildFile; fileRef = B8FE502327DE7E1000FA235A /* Localizable.strings */; };
		B8FE502927DE7FAE00FA235A /* LocalizationUtil.swift in Sources */ = {isa = PBXBuildFile; fileRef = B8FE502827DE7FAE00FA235A /* LocalizationUtil.swift */; };
/* End PBXBuildFile section */

/* Begin PBXFileReference section */
		B8FE500827DE74EE00FA235A /* TakeAPicture.app */ = {isa = PBXFileReference; explicitFileType = wrapper.application; includeInIndex = 0; path = TakeAPicture.app; sourceTree = BUILT_PRODUCTS_DIR; };
		B8FE500B27DE74EE00FA235A /* AppDelegate.swift */ = {isa = PBXFileReference; lastKnownFileType = sourcecode.swift; path = AppDelegate.swift; sourceTree = "<group>"; };
		B8FE500D27DE74EE00FA235A /* SceneDelegate.swift */ = {isa = PBXFileReference; lastKnownFileType = sourcecode.swift; path = SceneDelegate.swift; sourceTree = "<group>"; };
		B8FE500F27DE74EE00FA235A /* ViewController.swift */ = {isa = PBXFileReference; lastKnownFileType = sourcecode.swift; path = ViewController.swift; sourceTree = "<group>"; };
		B8FE501227DE74EE00FA235A /* Base */ = {isa = PBXFileReference; lastKnownFileType = file.storyboard; name = Base; path = Base.lproj/Main.storyboard; sourceTree = "<group>"; };
		B8FE501427DE74F000FA235A /* Assets.xcassets */ = {isa = PBXFileReference; lastKnownFileType = folder.assetcatalog; path = Assets.xcassets; sourceTree = "<group>"; };
		B8FE501727DE74F100FA235A /* Base */ = {isa = PBXFileReference; lastKnownFileType = file.storyboard; name = Base; path = Base.lproj/LaunchScreen.storyboard; sourceTree = "<group>"; };
		B8FE501927DE74F100FA235A /* Info.plist */ = {isa = PBXFileReference; lastKnownFileType = text.plist.xml; path = Info.plist; sourceTree = "<group>"; };
		B8FE502227DE7E1000FA235A /* en */ = {isa = PBXFileReference; lastKnownFileType = text.plist.strings; name = en; path = en.lproj/Localizable.strings; sourceTree = "<group>"; };
		B8FE502427DE7E5B00FA235A /* zh-Hans */ = {isa = PBXFileReference; lastKnownFileType = text.plist.strings; name = "zh-Hans"; path = "zh-Hans.lproj/Main.strings"; sourceTree = "<group>"; };
		B8FE502527DE7E5B00FA235A /* zh-Hans */ = {isa = PBXFileReference; lastKnownFileType = text.plist.strings; name = "zh-Hans"; path = "zh-Hans.lproj/LaunchScreen.strings"; sourceTree = "<group>"; };
		B8FE502627DE7E5B00FA235A /* zh-Hans */ = {isa = PBXFileReference; lastKnownFileType = text.plist.strings; name = "zh-Hans"; path = "zh-Hans.lproj/Localizable.strings"; sourceTree = "<group>"; };
		B8FE502827DE7FAE00FA235A /* LocalizationUtil.swift */ = {isa = PBXFileReference; lastKnownFileType = sourcecode.swift; path = LocalizationUtil.swift; sourceTree = "<group>"; };
/* End PBXFileReference section */

/* Begin PBXFrameworksBuildPhase section */
		B8FE500527DE74EE00FA235A /* Frameworks */ = {
			isa = PBXFrameworksBuildPhase;
			buildActionMask = 2147483647;
			files = (
			);
			runOnlyForDeploymentPostprocessing = 0;
		};
/* End PBXFrameworksBuildPhase section */

/* Begin PBXGroup section */
		B8FE4FFF27DE74EE00FA235A = {
			isa = PBXGroup;
			children = (
				B8FE500A27DE74EE00FA235A /* TakeAPicture */,
				B8FE500927DE74EE00FA235A /* Products */,
			);
			sourceTree = "<group>";
		};
		B8FE500927DE74EE00FA235A /* Products */ = {
			isa = PBXGroup;
			children = (
				B8FE500827DE74EE00FA235A /* TakeAPicture.app */,
			);
			name = Products;
			sourceTree = "<group>";
		};
		B8FE500A27DE74EE00FA235A /* TakeAPicture */ = {
			isa = PBXGroup;
			children = (
				B8FE502727DE7F8E00FA235A /* Utilities */,
				B8FE500B27DE74EE00FA235A /* AppDelegate.swift */,
				B8FE500D27DE74EE00FA235A /* SceneDelegate.swift */,
				B8FE500F27DE74EE00FA235A /* ViewController.swift */,
				B8FE501127DE74EE00FA235A /* Main.storyboard */,
				B8FE501427DE74F000FA235A /* Assets.xcassets */,
				B8FE501627DE74F100FA235A /* LaunchScreen.storyboard */,
				B8FE501927DE74F100FA235A /* Info.plist */,
				B8FE502327DE7E1000FA235A /* Localizable.strings */,
			);
			path = TakeAPicture;
			sourceTree = "<group>";
		};
		B8FE502727DE7F8E00FA235A /* Utilities */ = {
			isa = PBXGroup;
			children = (
				B8FE502827DE7FAE00FA235A /* LocalizationUtil.swift */,
			);
			path = Utilities;
			sourceTree = "<group>";
		};
/* End PBXGroup section */

/* Begin PBXNativeTarget section */
		B8FE500727DE74EE00FA235A /* TakeAPicture */ = {
			isa = PBXNativeTarget;
			buildConfigurationList = B8FE501C27DE74F100FA235A /* Build configuration list for PBXNativeTarget "TakeAPicture" */;
			buildPhases = (
				B8FE500427DE74EE00FA235A /* Sources */,
				B8FE500527DE74EE00FA235A /* Frameworks */,
				B8FE500627DE74EE00FA235A /* Resources */,
			);
			buildRules = (
			);
			dependencies = (
			);
			name = TakeAPicture;
			productName = TakeAPicture;
			productReference = B8FE500827DE74EE00FA235A /* TakeAPicture.app */;
			productType = "com.apple.product-type.application";
		};
/* End PBXNativeTarget section */

/* Begin PBXProject section */
		B8FE500027DE74EE00FA235A /* Project object */ = {
			isa = PBXProject;
			attributes = {
				BuildIndependentTargetsInParallel = 1;
				LastSwiftUpdateCheck = 1320;
				LastUpgradeCheck = 1320;
				TargetAttributes = {
					B8FE500727DE74EE00FA235A = {
						CreatedOnToolsVersion = 13.2.1;
					};
				};
			};
			buildConfigurationList = B8FE500327DE74EE00FA235A /* Build configuration list for PBXProject "TakeAPicture" */;
			compatibilityVersion = "Xcode 13.0";
			developmentRegion = en;
			hasScannedForEncodings = 0;
			knownRegions = (
				en,
				Base,
				"zh-Hans",
			);
			mainGroup = B8FE4FFF27DE74EE00FA235A;
			productRefGroup = B8FE500927DE74EE00FA235A /* Products */;
			projectDirPath = "";
			projectRoot = "";
			targets = (
				B8FE500727DE74EE00FA235A /* TakeAPicture */,
			);
		};
/* End PBXProject section */

/* Begin PBXResourcesBuildPhase section */
		B8FE500627DE74EE00FA235A /* Resources */ = {
			isa = PBXResourcesBuildPhase;
			buildActionMask = 2147483647;
			files = (
				B8FE501827DE74F100FA235A /* LaunchScreen.storyboard in Resources */,
				B8FE502127DE7E1000FA235A /* Localizable.strings in Resources */,
				B8FE501527DE74F100FA235A /* Assets.xcassets in Resources */,
				B8FE501327DE74EE00FA235A /* Main.storyboard in Resources */,
			);
			runOnlyForDeploymentPostprocessing = 0;
		};
/* End PBXResourcesBuildPhase section */

/* Begin PBXSourcesBuildPhase section */
		B8FE500427DE74EE00FA235A /* Sources */ = {
			isa = PBXSourcesBuildPhase;
			buildActionMask = 2147483647;
			files = (
				B8FE502927DE7FAE00FA235A /* LocalizationUtil.swift in Sources */,
				B8FE501027DE74EE00FA235A /* ViewController.swift in Sources */,
				B8FE500C27DE74EE00FA235A /* AppDelegate.swift in Sources */,
				B8FE500E27DE74EE00FA235A /* SceneDelegate.swift in Sources */,
			);
			runOnlyForDeploymentPostprocessing = 0;
		};
/* End PBXSourcesBuildPhase section */

/* Begin PBXVariantGroup section */
		B8FE501127DE74EE00FA235A /* Main.storyboard */ = {
			isa = PBXVariantGroup;
			children = (
				B8FE501227DE74EE00FA235A /* Base */,
				B8FE502427DE7E5B00FA235A /* zh-Hans */,
			);
			name = Main.storyboard;
			sourceTree = "<group>";
		};
		B8FE501627DE74F100FA235A /* LaunchScreen.storyboard */ = {
			isa = PBXVariantGroup;
			children = (
				B8FE501727DE74F100FA235A /* Base */,
				B8FE502527DE7E5B00FA235A /* zh-Hans */,
			);
			name = LaunchScreen.storyboard;
			sourceTree = "<group>";
		};
		B8FE502327DE7E1000FA235A /* Localizable.strings */ = {
			isa = PBXVariantGroup;
			children = (
				B8FE502227DE7E1000FA235A /* en */,
				B8FE502627DE7E5B00FA235A /* zh-Hans */,
			);
			name = Localizable.strings;
			sourceTree = "<group>";
		};
/* End PBXVariantGroup section */

/* Begin XCBuildConfiguration section */
		B8FE501A27DE74F100FA235A /* Debug */ = {
			isa = XCBuildConfiguration;
			buildSettings = {
				ALWAYS_SEARCH_USER_PATHS = NO;
				CLANG_ANALYZER_LOCALIZABILITY_NONLOCALIZED = YES;
				CLANG_ANALYZER_NONNULL = YES;
				CLANG_ANALYZER_NUMBER_OBJECT_CONVERSION = YES_AGGRESSIVE;
				CLANG_CXX_LANGUAGE_STANDARD = "gnu++17";
				CLANG_CXX_LIBRARY = "libc++";
				CLANG_ENABLE_MODULES = YES;
				CLANG_ENABLE_OBJC_ARC = YES;
				CLANG_ENABLE_OBJC_WEAK = YES;
				CLANG_WARN_BLOCK_CAPTURE_AUTORELEASING = YES;
				CLANG_WARN_BOOL_CONVERSION = YES;
				CLANG_WARN_COMMA = YES;
				CLANG_WARN_CONSTANT_CONVERSION = YES;
				CLANG_WARN_DEPRECATED_OBJC_IMPLEMENTATIONS = YES;
				CLANG_WARN_DIRECT_OBJC_ISA_USAGE = YES_ERROR;
				CLANG_WARN_DOCUMENTATION_COMMENTS = YES;
				CLANG_WARN_EMPTY_BODY = YES;
				CLANG_WARN_ENUM_CONVERSION = YES;
				CLANG_WARN_INFINITE_RECURSION = YES;
				CLANG_WARN_INT_CONVERSION = YES;
				CLANG_WARN_NON_LITERAL_NULL_CONVERSION = YES;
				CLANG_WARN_OBJC_IMPLICIT_RETAIN_SELF = YES;
				CLANG_WARN_OBJC_LITERAL_CONVERSION = YES;
				CLANG_WARN_OBJC_ROOT_CLASS = YES_ERROR;
				CLANG_WARN_QUOTED_INCLUDE_IN_FRAMEWORK_HEADER = YES;
				CLANG_WARN_RANGE_LOOP_ANALYSIS = YES;
				CLANG_WARN_STRICT_PROTOTYPES = YES;
				CLANG_WARN_SUSPICIOUS_MOVE = YES;
				CLANG_WARN_UNGUARDED_AVAILABILITY = YES_AGGRESSIVE;
				CLANG_WARN_UNREACHABLE_CODE = YES;
				CLANG_WARN__DUPLICATE_METHOD_MATCH = YES;
				COPY_PHASE_STRIP = NO;
				DEBUG_INFORMATION_FORMAT = dwarf;
				ENABLE_STRICT_OBJC_MSGSEND = YES;
				ENABLE_TESTABILITY = YES;
				GCC_C_LANGUAGE_STANDARD = gnu11;
				GCC_DYNAMIC_NO_PIC = NO;
				GCC_NO_COMMON_BLOCKS = YES;
				GCC_OPTIMIZATION_LEVEL = 0;
				GCC_PREPROCESSOR_DEFINITIONS = (
					"DEBUG=1",
					"$(inherited)",
				);
				GCC_WARN_64_TO_32_BIT_CONVERSION = YES;
				GCC_WARN_ABOUT_RETURN_TYPE = YES_ERROR;
				GCC_WARN_UNDECLARED_SELECTOR = YES;
				GCC_WARN_UNINITIALIZED_AUTOS = YES_AGGRESSIVE;
				GCC_WARN_UNUSED_FUNCTION = YES;
				GCC_WARN_UNUSED_VARIABLE = YES;
				IPHONEOS_DEPLOYMENT_TARGET = 15.2;
				MTL_ENABLE_DEBUG_INFO = INCLUDE_SOURCE;
				MTL_FAST_MATH = YES;
				ONLY_ACTIVE_ARCH = YES;
				SDKROOT = iphoneos;
				SWIFT_ACTIVE_COMPILATION_CONDITIONS = DEBUG;
				SWIFT_OPTIMIZATION_LEVEL = "-Onone";
			};
			name = Debug;
		};
		B8FE501B27DE74F100FA235A /* Release */ = {
			isa = XCBuildConfiguration;
			buildSettings = {
				ALWAYS_SEARCH_USER_PATHS = NO;
				CLANG_ANALYZER_LOCALIZABILITY_NONLOCALIZED = YES;
				CLANG_ANALYZER_NONNULL = YES;
				CLANG_ANALYZER_NUMBER_OBJECT_CONVERSION = YES_AGGRESSIVE;
				CLANG_CXX_LANGUAGE_STANDARD = "gnu++17";
				CLANG_CXX_LIBRARY = "libc++";
				CLANG_ENABLE_MODULES = YES;
				CLANG_ENABLE_OBJC_ARC = YES;
				CLANG_ENABLE_OBJC_WEAK = YES;
				CLANG_WARN_BLOCK_CAPTURE_AUTORELEASING = YES;
				CLANG_WARN_BOOL_CONVERSION = YES;
				CLANG_WARN_COMMA = YES;
				CLANG_WARN_CONSTANT_CONVERSION = YES;
				CLANG_WARN_DEPRECATED_OBJC_IMPLEMENTATIONS = YES;
				CLANG_WARN_DIRECT_OBJC_ISA_USAGE = YES_ERROR;
				CLANG_WARN_DOCUMENTATION_COMMENTS = YES;
				CLANG_WARN_EMPTY_BODY = YES;
				CLANG_WARN_ENUM_CONVERSION = YES;
				CLANG_WARN_INFINITE_RECURSION = YES;
				CLANG_WARN_INT_CONVERSION = YES;
				CLANG_WARN_NON_LITERAL_NULL_CONVERSION = YES;
				CLANG_WARN_OBJC_IMPLICIT_RETAIN_SELF = YES;
				CLANG_WARN_OBJC_LITERAL_CONVERSION = YES;
				CLANG_WARN_OBJC_ROOT_CLASS = YES_ERROR;
				CLANG_WARN_QUOTED_INCLUDE_IN_FRAMEWORK_HEADER = YES;
				CLANG_WARN_RANGE_LOOP_ANALYSIS = YES;
				CLANG_WARN_STRICT_PROTOTYPES = YES;
				CLANG_WARN_SUSPICIOUS_MOVE = YES;
				CLANG_WARN_UNGUARDED_AVAILABILITY = YES_AGGRESSIVE;
				CLANG_WARN_UNREACHABLE_CODE = YES;
				CLANG_WARN__DUPLICATE_METHOD_MATCH = YES;
				COPY_PHASE_STRIP = NO;
				DEBUG_INFORMATION_FORMAT = "dwarf-with-dsym";
				ENABLE_NS_ASSERTIONS = NO;
				ENABLE_STRICT_OBJC_MSGSEND = YES;
				GCC_C_LANGUAGE_STANDARD = gnu11;
				GCC_NO_COMMON_BLOCKS = YES;
				GCC_WARN_64_TO_32_BIT_CONVERSION = YES;
				GCC_WARN_ABOUT_RETURN_TYPE = YES_ERROR;
				GCC_WARN_UNDECLARED_SELECTOR = YES;
				GCC_WARN_UNINITIALIZED_AUTOS = YES_AGGRESSIVE;
				GCC_WARN_UNUSED_FUNCTION = YES;
				GCC_WARN_UNUSED_VARIABLE = YES;
				IPHONEOS_DEPLOYMENT_TARGET = 15.2;
				MTL_ENABLE_DEBUG_INFO = NO;
				MTL_FAST_MATH = YES;
				SDKROOT = iphoneos;
				SWIFT_COMPILATION_MODE = wholemodule;
				SWIFT_OPTIMIZATION_LEVEL = "-O";
				VALIDATE_PRODUCT = YES;
			};
			name = Release;
		};
		B8FE501D27DE74F100FA235A /* Debug */ = {
			isa = XCBuildConfiguration;
			buildSettings = {
				ASSETCATALOG_COMPILER_APPICON_NAME = AppIcon;
				ASSETCATALOG_COMPILER_GLOBAL_ACCENT_COLOR_NAME = AccentColor;
				CODE_SIGN_STYLE = Automatic;
				CURRENT_PROJECT_VERSION = 1;
				DEVELOPMENT_TEAM = 4HP3AZLP4Z;
				GENERATE_INFOPLIST_FILE = YES;
				INFOPLIST_FILE = TakeAPicture/Info.plist;
				INFOPLIST_KEY_UIApplicationSupportsIndirectInputEvents = YES;
				INFOPLIST_KEY_UILaunchStoryboardName = LaunchScreen;
				INFOPLIST_KEY_UIMainStoryboardFile = Main;
				INFOPLIST_KEY_UISupportedInterfaceOrientations_iPad = "UIInterfaceOrientationPortrait UIInterfaceOrientationPortraitUpsideDown UIInterfaceOrientationLandscapeLeft UIInterfaceOrientationLandscapeRight";
				INFOPLIST_KEY_UISupportedInterfaceOrientations_iPhone = "UIInterfaceOrientationPortrait UIInterfaceOrientationLandscapeLeft UIInterfaceOrientationLandscapeRight";
				LD_RUNPATH_SEARCH_PATHS = (
					"$(inherited)",
					"@executable_path/Frameworks",
				);
				MARKETING_VERSION = 1.0;
				PRODUCT_BUNDLE_IDENTIFIER = edu.northeastern.TakeAPicture;
				PRODUCT_NAME = "$(TARGET_NAME)";
				SWIFT_EMIT_LOC_STRINGS = YES;
				SWIFT_VERSION = 5.0;
				TARGETED_DEVICE_FAMILY = "1,2";
			};
			name = Debug;
		};
		B8FE501E27DE74F100FA235A /* Release */ = {
			isa = XCBuildConfiguration;
			buildSettings = {
				ASSETCATALOG_COMPILER_APPICON_NAME = AppIcon;
				ASSETCATALOG_COMPILER_GLOBAL_ACCENT_COLOR_NAME = AccentColor;
				CODE_SIGN_STYLE = Automatic;
				CURRENT_PROJECT_VERSION = 1;
				DEVELOPMENT_TEAM = 4HP3AZLP4Z;
				GENERATE_INFOPLIST_FILE = YES;
				INFOPLIST_FILE = TakeAPicture/Info.plist;
				INFOPLIST_KEY_UIApplicationSupportsIndirectInputEvents = YES;
				INFOPLIST_KEY_UILaunchStoryboardName = LaunchScreen;
				INFOPLIST_KEY_UIMainStoryboardFile = Main;
				INFOPLIST_KEY_UISupportedInterfaceOrientations_iPad = "UIInterfaceOrientationPortrait UIInterfaceOrientationPortraitUpsideDown UIInterfaceOrientationLandscapeLeft UIInterfaceOrientationLandscapeRight";
				INFOPLIST_KEY_UISupportedInterfaceOrientations_iPhone = "UIInterfaceOrientationPortrait UIInterfaceOrientationLandscapeLeft UIInterfaceOrientationLandscapeRight";
				LD_RUNPATH_SEARCH_PATHS = (
					"$(inherited)",
					"@executable_path/Frameworks",
				);
				MARKETING_VERSION = 1.0;
				PRODUCT_BUNDLE_IDENTIFIER = edu.northeastern.TakeAPicture;
				PRODUCT_NAME = "$(TARGET_NAME)";
				SWIFT_EMIT_LOC_STRINGS = YES;
				SWIFT_VERSION = 5.0;
				TARGETED_DEVICE_FAMILY = "1,2";
			};
			name = Release;
		};
/* End XCBuildConfiguration section */

/* Begin XCConfigurationList section */
		B8FE500327DE74EE00FA235A /* Build configuration list for PBXProject "TakeAPicture" */ = {
			isa = XCConfigurationList;
			buildConfigurations = (
				B8FE501A27DE74F100FA235A /* Debug */,
				B8FE501B27DE74F100FA235A /* Release */,
			);
			defaultConfigurationIsVisible = 0;
			defaultConfigurationName = Release;
		};
		B8FE501C27DE74F100FA235A /* Build configuration list for PBXNativeTarget "TakeAPicture" */ = {
			isa = XCConfigurationList;
			buildConfigurations = (
				B8FE501D27DE74F100FA235A /* Debug */,
				B8FE501E27DE74F100FA235A /* Release */,
			);
			defaultConfigurationIsVisible = 0;
			defaultConfigurationName = Release;
		};
/* End XCConfigurationList section */
	};
	rootObject = B8FE500027DE74EE00FA235A /* Project object */;
}
